// !$*UTF8*$!
{
	archiveVersion = 1;
	classes = {
	};
	objectVersion = 55;
	objects = {

/* Begin PBXBuildFile section */
		DC205B7C275F411F00B74064 /* Localizable.strings in Resources */ = {isa = PBXBuildFile; fileRef = DC205B7E275F411F00B74064 /* Localizable.strings */; };
		DCD9952A275DEE7800C7E3B5 /* AppDelegate.swift in Sources */ = {isa = PBXBuildFile; fileRef = DCD99529275DEE7800C7E3B5 /* AppDelegate.swift */; };
		DCD9952C275DEE7800C7E3B5 /* SceneDelegate.swift in Sources */ = {isa = PBXBuildFile; fileRef = DCD9952B275DEE7800C7E3B5 /* SceneDelegate.swift */; };
		DCD9952E275DEE7800C7E3B5 /* ViewController.swift in Sources */ = {isa = PBXBuildFile; fileRef = DCD9952D275DEE7800C7E3B5 /* ViewController.swift */; };
		DCD99531275DEE7800C7E3B5 /* Main.storyboard in Resources */ = {isa = PBXBuildFile; fileRef = DCD9952F275DEE7800C7E3B5 /* Main.storyboard */; };
		DCD99533275DEE7A00C7E3B5 /* Assets.xcassets in Resources */ = {isa = PBXBuildFile; fileRef = DCD99532275DEE7A00C7E3B5 /* Assets.xcassets */; };
		DCD99536275DEE7A00C7E3B5 /* LaunchScreen.storyboard in Resources */ = {isa = PBXBuildFile; fileRef = DCD99534275DEE7A00C7E3B5 /* LaunchScreen.storyboard */; };
		DCD99541275F3A6B00C7E3B5 /* File.swift in Sources */ = {isa = PBXBuildFile; fileRef = DCD99540275F3A6B00C7E3B5 /* File.swift */; };
/* End PBXBuildFile section */

/* Begin PBXFileReference section */
		DC205B78275F410900B74064 /* ar */ = {isa = PBXFileReference; lastKnownFileType = text.plist.strings; name = ar; path = ar.lproj/Main.strings; sourceTree = "<group>"; };
		DC205B79275F410900B74064 /* ar */ = {isa = PBXFileReference; lastKnownFileType = text.plist.strings; name = ar; path = ar.lproj/LaunchScreen.strings; sourceTree = "<group>"; };
		DC205B7A275F411200B74064 /* fr */ = {isa = PBXFileReference; lastKnownFileType = text.plist.strings; name = fr; path = fr.lproj/Main.strings; sourceTree = "<group>"; };
		DC205B7B275F411200B74064 /* fr */ = {isa = PBXFileReference; lastKnownFileType = text.plist.strings; name = fr; path = fr.lproj/LaunchScreen.strings; sourceTree = "<group>"; };
		DC205B7D275F411F00B74064 /* ar */ = {isa = PBXFileReference; lastKnownFileType = text.plist.strings; name = ar; path = ar.lproj/Localizable.strings; sourceTree = "<group>"; };
		DC205B7F275F412200B74064 /* en */ = {isa = PBXFileReference; lastKnownFileType = text.plist.strings; name = en; path = en.lproj/Localizable.strings; sourceTree = "<group>"; };
		DC205B80275F412300B74064 /* fr */ = {isa = PBXFileReference; lastKnownFileType = text.plist.strings; name = fr; path = fr.lproj/Localizable.strings; sourceTree = "<group>"; };
		DCD99526275DEE7800C7E3B5 /* Belal_TestLocalization.app */ = {isa = PBXFileReference; explicitFileType = wrapper.application; includeInIndex = 0; path = Belal_TestLocalization.app; sourceTree = BUILT_PRODUCTS_DIR; };
		DCD99529275DEE7800C7E3B5 /* AppDelegate.swift */ = {isa = PBXFileReference; lastKnownFileType = sourcecode.swift; path = AppDelegate.swift; sourceTree = "<group>"; };
		DCD9952B275DEE7800C7E3B5 /* SceneDelegate.swift */ = {isa = PBXFileReference; lastKnownFileType = sourcecode.swift; path = SceneDelegate.swift; sourceTree = "<group>"; };
		DCD9952D275DEE7800C7E3B5 /* ViewController.swift */ = {isa = PBXFileReference; lastKnownFileType = sourcecode.swift; path = ViewController.swift; sourceTree = "<group>"; };
		DCD99530275DEE7800C7E3B5 /* Base */ = {isa = PBXFileReference; lastKnownFileType = file.storyboard; name = Base; path = Base.lproj/Main.storyboard; sourceTree = "<group>"; };
		DCD99532275DEE7A00C7E3B5 /* Assets.xcassets */ = {isa = PBXFileReference; lastKnownFileType = folder.assetcatalog; path = Assets.xcassets; sourceTree = "<group>"; };
		DCD99535275DEE7A00C7E3B5 /* Base */ = {isa = PBXFileReference; lastKnownFileType = file.storyboard; name = Base; path = Base.lproj/LaunchScreen.storyboard; sourceTree = "<group>"; };
		DCD99537275DEE7A00C7E3B5 /* Info.plist */ = {isa = PBXFileReference; lastKnownFileType = text.plist.xml; path = Info.plist; sourceTree = "<group>"; };
		DCD99540275F3A6B00C7E3B5 /* File.swift */ = {isa = PBXFileReference; lastKnownFileType = sourcecode.swift; path = File.swift; sourceTree = "<group>"; };
/* End PBXFileReference section */

/* Begin PBXFrameworksBuildPhase section */
		DCD99523275DEE7800C7E3B5 /* Frameworks */ = {
			isa = PBXFrameworksBuildPhase;
			buildActionMask = 2147483647;
			files = (
			);
			runOnlyForDeploymentPostprocessing = 0;
		};
/* End PBXFrameworksBuildPhase section */

/* Begin PBXGroup section */
		DCD9951D275DEE7800C7E3B5 = {
			isa = PBXGroup;
			children = (
				DCD99528275DEE7800C7E3B5 /* Belal_TestLocalization */,
				DCD99527275DEE7800C7E3B5 /* Products */,
			);
			sourceTree = "<group>";
		};
		DCD99527275DEE7800C7E3B5 /* Products */ = {
			isa = PBXGroup;
			children = (
				DCD99526275DEE7800C7E3B5 /* Belal_TestLocalization.app */,
			);
			name = Products;
			sourceTree = "<group>";
		};
		DCD99528275DEE7800C7E3B5 /* Belal_TestLocalization */ = {
			isa = PBXGroup;
			children = (
				DCD9953F275F3A5700C7E3B5 /* Items */,
				DCD9953D275F3A3100C7E3B5 /* Delagate */,
				DCD9953E275F3A4600C7E3B5 /* Controllers */,
				DCD9952F275DEE7800C7E3B5 /* Main.storyboard */,
				DCD99532275DEE7A00C7E3B5 /* Assets.xcassets */,
				DCD99534275DEE7A00C7E3B5 /* LaunchScreen.storyboard */,
				DCD99537275DEE7A00C7E3B5 /* Info.plist */,
			);
			path = Belal_TestLocalization;
			sourceTree = "<group>";
		};
		DCD9953D275F3A3100C7E3B5 /* Delagate */ = {
			isa = PBXGroup;
			children = (
				DCD99529275DEE7800C7E3B5 /* AppDelegate.swift */,
				DCD9952B275DEE7800C7E3B5 /* SceneDelegate.swift */,
			);
			path = Delagate;
			sourceTree = "<group>";
		};
		DCD9953E275F3A4600C7E3B5 /* Controllers */ = {
			isa = PBXGroup;
			children = (
				DCD9952D275DEE7800C7E3B5 /* ViewController.swift */,
			);
			path = Controllers;
			sourceTree = "<group>";
		};
		DCD9953F275F3A5700C7E3B5 /* Items */ = {
			isa = PBXGroup;
			children = (
				DCD99540275F3A6B00C7E3B5 /* File.swift */,
				DC205B7E275F411F00B74064 /* Localizable.strings */,
			);
			path = Items;
			sourceTree = "<group>";
		};
/* End PBXGroup section */

/* Begin PBXNativeTarget section */
		DCD99525275DEE7800C7E3B5 /* Belal_TestLocalization */ = {
			isa = PBXNativeTarget;
			buildConfigurationList = DCD9953A275DEE7A00C7E3B5 /* Build configuration list for PBXNativeTarget "Belal_TestLocalization" */;
			buildPhases = (
				DCD99522275DEE7800C7E3B5 /* Sources */,
				DCD99523275DEE7800C7E3B5 /* Frameworks */,
				DCD99524275DEE7800C7E3B5 /* Resources */,
			);
			buildRules = (
			);
			dependencies = (
			);
			name = Belal_TestLocalization;
			productName = Belal_TestLocalization;
			productReference = DCD99526275DEE7800C7E3B5 /* Belal_TestLocalization.app */;
			productType = "com.apple.product-type.application";
		};
/* End PBXNativeTarget section */

/* Begin PBXProject section */
		DCD9951E275DEE7800C7E3B5 /* Project object */ = {
			isa = PBXProject;
			attributes = {
				BuildIndependentTargetsInParallel = 1;
				LastSwiftUpdateCheck = 1310;
				LastUpgradeCheck = 1310;
				TargetAttributes = {
					DCD99525275DEE7800C7E3B5 = {
						CreatedOnToolsVersion = 13.1;
					};
				};
			};
			buildConfigurationList = DCD99521275DEE7800C7E3B5 /* Build configuration list for PBXProject "Belal_TestLocalization" */;
			compatibilityVersion = "Xcode 13.0";
			developmentRegion = en;
			hasScannedForEncodings = 0;
			knownRegions = (
				en,
				Base,
				ar,
				fr,
			);
			mainGroup = DCD9951D275DEE7800C7E3B5;
			productRefGroup = DCD99527275DEE7800C7E3B5 /* Products */;
			projectDirPath = "";
			projectRoot = "";
			targets = (
				DCD99525275DEE7800C7E3B5 /* Belal_TestLocalization */,
			);
		};
/* End PBXProject section */

/* Begin PBXResourcesBuildPhase section */
		DCD99524275DEE7800C7E3B5 /* Resources */ = {
			isa = PBXResourcesBuildPhase;
			buildActionMask = 2147483647;
			files = (
				DCD99536275DEE7A00C7E3B5 /* LaunchScreen.storyboard in Resources */,
				DC205B7C275F411F00B74064 /* Localizable.strings in Resources */,
				DCD99533275DEE7A00C7E3B5 /* Assets.xcassets in Resources */,
				DCD99531275DEE7800C7E3B5 /* Main.storyboard in Resources */,
			);
			runOnlyForDeploymentPostprocessing = 0;
		};
/* End PBXResourcesBuildPhase section */

/* Begin PBXSourcesBuildPhase section */
		DCD99522275DEE7800C7E3B5 /* Sources */ = {
			isa = PBXSourcesBuildPhase;
			buildActionMask = 2147483647;
			files = (
				DCD9952E275DEE7800C7E3B5 /* ViewController.swift in Sources */,
				DCD99541275F3A6B00C7E3B5 /* File.swift in Sources */,
				DCD9952A275DEE7800C7E3B5 /* AppDelegate.swift in Sources */,
				DCD9952C275DEE7800C7E3B5 /* SceneDelegate.swift in Sources */,
			);
			runOnlyForDeploymentPostprocessing = 0;
		};
/* End PBXSourcesBuildPhase section */

/* Begin PBXVariantGroup section */
		DC205B7E275F411F00B74064 /* Localizable.strings */ = {
			isa = PBXVariantGroup;
			children = (
				DC205B7D275F411F00B74064 /* ar */,
				DC205B7F275F412200B74064 /* en */,
				DC205B80275F412300B74064 /* fr */,
			);
			name = Localizable.strings;
			sourceTree = "<group>";
		};
		DCD9952F275DEE7800C7E3B5 /* Main.storyboard */ = {
			isa = PBXVariantGroup;
			children = (
				DCD99530275DEE7800C7E3B5 /* Base */,
				DC205B78275F410900B74064 /* ar */,
				DC205B7A275F411200B74064 /* fr */,
			);
			name = Main.storyboard;
			sourceTree = "<group>";
		};
		DCD99534275DEE7A00C7E3B5 /* LaunchScreen.storyboard */ = {
			isa = PBXVariantGroup;
			children = (
				DCD99535275DEE7A00C7E3B5 /* Base */,
				DC205B79275F410900B74064 /* ar */,
				DC205B7B275F411200B74064 /* fr */,
			);
			name = LaunchScreen.storyboard;
			sourceTree = "<group>";
		};
/* End PBXVariantGroup section */

/* Begin XCBuildConfiguration section */
		DCD99538275DEE7A00C7E3B5 /* Debug */ = {
			isa = XCBuildConfiguration;
			buildSettings = {
				ALWAYS_SEARCH_USER_PATHS = NO;
				CLANG_ANALYZER_LOCALIZABILITY_NONLOCALIZED = YES;
				CLANG_ANALYZER_NONNULL = YES;
				CLANG_ANALYZER_NUMBER_OBJECT_CONVERSION = YES_AGGRESSIVE;
				CLANG_CXX_LANGUAGE_STANDARD = "gnu++17";
				CLANG_CXX_LIBRARY = "libc++";
				CLANG_ENABLE_MODULES = YES;
				CLANG_ENABLE_OBJC_ARC = YES;
				CLANG_ENABLE_OBJC_WEAK = YES;
				CLANG_WARN_BLOCK_CAPTURE_AUTORELEASING = YES;
				CLANG_WARN_BOOL_CONVERSION = YES;
				CLANG_WARN_COMMA = YES;
				CLANG_WARN_CONSTANT_CONVERSION = YES;
				CLANG_WARN_DEPRECATED_OBJC_IMPLEMENTATIONS = YES;
				CLANG_WARN_DIRECT_OBJC_ISA_USAGE = YES_ERROR;
				CLANG_WARN_DOCUMENTATION_COMMENTS = YES;
				CLANG_WARN_EMPTY_BODY = YES;
				CLANG_WARN_ENUM_CONVERSION = YES;
				CLANG_WARN_INFINITE_RECURSION = YES;
				CLANG_WARN_INT_CONVERSION = YES;
				CLANG_WARN_NON_LITERAL_NULL_CONVERSION = YES;
				CLANG_WARN_OBJC_IMPLICIT_RETAIN_SELF = YES;
				CLANG_WARN_OBJC_LITERAL_CONVERSION = YES;
				CLANG_WARN_OBJC_ROOT_CLASS = YES_ERROR;
				CLANG_WARN_QUOTED_INCLUDE_IN_FRAMEWORK_HEADER = YES;
				CLANG_WARN_RANGE_LOOP_ANALYSIS = YES;
				CLANG_WARN_STRICT_PROTOTYPES = YES;
				CLANG_WARN_SUSPICIOUS_MOVE = YES;
				CLANG_WARN_UNGUARDED_AVAILABILITY = YES_AGGRESSIVE;
				CLANG_WARN_UNREACHABLE_CODE = YES;
				CLANG_WARN__DUPLICATE_METHOD_MATCH = YES;
				COPY_PHASE_STRIP = NO;
				DEBUG_INFORMATION_FORMAT = dwarf;
				ENABLE_STRICT_OBJC_MSGSEND = YES;
				ENABLE_TESTABILITY = YES;
				GCC_C_LANGUAGE_STANDARD = gnu11;
				GCC_DYNAMIC_NO_PIC = NO;
				GCC_NO_COMMON_BLOCKS = YES;
				GCC_OPTIMIZATION_LEVEL = 0;
				GCC_PREPROCESSOR_DEFINITIONS = (
					"DEBUG=1",
					"$(inherited)",
				);
				GCC_WARN_64_TO_32_BIT_CONVERSION = YES;
				GCC_WARN_ABOUT_RETURN_TYPE = YES_ERROR;
				GCC_WARN_UNDECLARED_SELECTOR = YES;
				GCC_WARN_UNINITIALIZED_AUTOS = YES_AGGRESSIVE;
				GCC_WARN_UNUSED_FUNCTION = YES;
				GCC_WARN_UNUSED_VARIABLE = YES;
				IPHONEOS_DEPLOYMENT_TARGET = 15.0;
				MTL_ENABLE_DEBUG_INFO = INCLUDE_SOURCE;
				MTL_FAST_MATH = YES;
				ONLY_ACTIVE_ARCH = YES;
				SDKROOT = iphoneos;
				SWIFT_ACTIVE_COMPILATION_CONDITIONS = DEBUG;
				SWIFT_OPTIMIZATION_LEVEL = "-Onone";
			};
			name = Debug;
		};
		DCD99539275DEE7A00C7E3B5 /* Release */ = {
			isa = XCBuildConfiguration;
			buildSettings = {
				ALWAYS_SEARCH_USER_PATHS = NO;
				CLANG_ANALYZER_LOCALIZABILITY_NONLOCALIZED = YES;
				CLANG_ANALYZER_NONNULL = YES;
				CLANG_ANALYZER_NUMBER_OBJECT_CONVERSION = YES_AGGRESSIVE;
				CLANG_CXX_LANGUAGE_STANDARD = "gnu++17";
				CLANG_CXX_LIBRARY = "libc++";
				CLANG_ENABLE_MODULES = YES;
				CLANG_ENABLE_OBJC_ARC = YES;
				CLANG_ENABLE_OBJC_WEAK = YES;
				CLANG_WARN_BLOCK_CAPTURE_AUTORELEASING = YES;
				CLANG_WARN_BOOL_CONVERSION = YES;
				CLANG_WARN_COMMA = YES;
				CLANG_WARN_CONSTANT_CONVERSION = YES;
				CLANG_WARN_DEPRECATED_OBJC_IMPLEMENTATIONS = YES;
				CLANG_WARN_DIRECT_OBJC_ISA_USAGE = YES_ERROR;
				CLANG_WARN_DOCUMENTATION_COMMENTS = YES;
				CLANG_WARN_EMPTY_BODY = YES;
				CLANG_WARN_ENUM_CONVERSION = YES;
				CLANG_WARN_INFINITE_RECURSION = YES;
				CLANG_WARN_INT_CONVERSION = YES;
				CLANG_WARN_NON_LITERAL_NULL_CONVERSION = YES;
				CLANG_WARN_OBJC_IMPLICIT_RETAIN_SELF = YES;
				CLANG_WARN_OBJC_LITERAL_CONVERSION = YES;
				CLANG_WARN_OBJC_ROOT_CLASS = YES_ERROR;
				CLANG_WARN_QUOTED_INCLUDE_IN_FRAMEWORK_HEADER = YES;
				CLANG_WARN_RANGE_LOOP_ANALYSIS = YES;
				CLANG_WARN_STRICT_PROTOTYPES = YES;
				CLANG_WARN_SUSPICIOUS_MOVE = YES;
				CLANG_WARN_UNGUARDED_AVAILABILITY = YES_AGGRESSIVE;
				CLANG_WARN_UNREACHABLE_CODE = YES;
				CLANG_WARN__DUPLICATE_METHOD_MATCH = YES;
				COPY_PHASE_STRIP = NO;
				DEBUG_INFORMATION_FORMAT = "dwarf-with-dsym";
				ENABLE_NS_ASSERTIONS = NO;
				ENABLE_STRICT_OBJC_MSGSEND = YES;
				GCC_C_LANGUAGE_STANDARD = gnu11;
				GCC_NO_COMMON_BLOCKS = YES;
				GCC_WARN_64_TO_32_BIT_CONVERSION = YES;
				GCC_WARN_ABOUT_RETURN_TYPE = YES_ERROR;
				GCC_WARN_UNDECLARED_SELECTOR = YES;
				GCC_WARN_UNINITIALIZED_AUTOS = YES_AGGRESSIVE;
				GCC_WARN_UNUSED_FUNCTION = YES;
				GCC_WARN_UNUSED_VARIABLE = YES;
				IPHONEOS_DEPLOYMENT_TARGET = 15.0;
				MTL_ENABLE_DEBUG_INFO = NO;
				MTL_FAST_MATH = YES;
				SDKROOT = iphoneos;
				SWIFT_COMPILATION_MODE = wholemodule;
				SWIFT_OPTIMIZATION_LEVEL = "-O";
				VALIDATE_PRODUCT = YES;
			};
			name = Release;
		};
		DCD9953B275DEE7A00C7E3B5 /* Debug */ = {
			isa = XCBuildConfiguration;
			buildSettings = {
				ASSETCATALOG_COMPILER_APPICON_NAME = AppIcon;
				ASSETCATALOG_COMPILER_GLOBAL_ACCENT_COLOR_NAME = AccentColor;
				CODE_SIGN_STYLE = Automatic;
				CURRENT_PROJECT_VERSION = 1;
				GENERATE_INFOPLIST_FILE = YES;
				INFOPLIST_FILE = Belal_TestLocalization/Info.plist;
				INFOPLIST_KEY_UIApplicationSupportsIndirectInputEvents = YES;
				INFOPLIST_KEY_UILaunchStoryboardName = LaunchScreen;
				INFOPLIST_KEY_UIMainStoryboardFile = Main;
				INFOPLIST_KEY_UISupportedInterfaceOrientations_iPad = "UIInterfaceOrientationPortrait UIInterfaceOrientationPortraitUpsideDown UIInterfaceOrientationLandscapeLeft UIInterfaceOrientationLandscapeRight";
				INFOPLIST_KEY_UISupportedInterfaceOrientations_iPhone = "UIInterfaceOrientationPortrait UIInterfaceOrientationLandscapeLeft UIInterfaceOrientationLandscapeRight";
				LD_RUNPATH_SEARCH_PATHS = (
					"$(inherited)",
					"@executable_path/Frameworks",
				);
				MARKETING_VERSION = 1.0;
				PRODUCT_BUNDLE_IDENTIFIER = "Belal.Belal-TestLocalization";
				PRODUCT_NAME = "$(TARGET_NAME)";
				SWIFT_EMIT_LOC_STRINGS = YES;
				SWIFT_VERSION = 5.0;
				TARGETED_DEVICE_FAMILY = "1,2";
			};
			name = Debug;
		};
		DCD9953C275DEE7A00C7E3B5 /* Release */ = {
			isa = XCBuildConfiguration;
			buildSettings = {
				ASSETCATALOG_COMPILER_APPICON_NAME = AppIcon;
				ASSETCATALOG_COMPILER_GLOBAL_ACCENT_COLOR_NAME = AccentColor;
				CODE_SIGN_STYLE = Automatic;
				CURRENT_PROJECT_VERSION = 1;
				GENERATE_INFOPLIST_FILE = YES;
				INFOPLIST_FILE = Belal_TestLocalization/Info.plist;
				INFOPLIST_KEY_UIApplicationSupportsIndirectInputEvents = YES;
				INFOPLIST_KEY_UILaunchStoryboardName = LaunchScreen;
				INFOPLIST_KEY_UIMainStoryboardFile = Main;
				INFOPLIST_KEY_UISupportedInterfaceOrientations_iPad = "UIInterfaceOrientationPortrait UIInterfaceOrientationPortraitUpsideDown UIInterfaceOrientationLandscapeLeft UIInterfaceOrientationLandscapeRight";
				INFOPLIST_KEY_UISupportedInterfaceOrientations_iPhone = "UIInterfaceOrientationPortrait UIInterfaceOrientationLandscapeLeft UIInterfaceOrientationLandscapeRight";
				LD_RUNPATH_SEARCH_PATHS = (
					"$(inherited)",
					"@executable_path/Frameworks",
				);
				MARKETING_VERSION = 1.0;
				PRODUCT_BUNDLE_IDENTIFIER = "Belal.Belal-TestLocalization";
				PRODUCT_NAME = "$(TARGET_NAME)";
				SWIFT_EMIT_LOC_STRINGS = YES;
				SWIFT_VERSION = 5.0;
				TARGETED_DEVICE_FAMILY = "1,2";
			};
			name = Release;
		};
/* End XCBuildConfiguration section */

/* Begin XCConfigurationList section */
		DCD99521275DEE7800C7E3B5 /* Build configuration list for PBXProject "Belal_TestLocalization" */ = {
			isa = XCConfigurationList;
			buildConfigurations = (
				DCD99538275DEE7A00C7E3B5 /* Debug */,
				DCD99539275DEE7A00C7E3B5 /* Release */,
			);
			defaultConfigurationIsVisible = 0;
			defaultConfigurationName = Release;
		};
		DCD9953A275DEE7A00C7E3B5 /* Build configuration list for PBXNativeTarget "Belal_TestLocalization" */ = {
			isa = XCConfigurationList;
			buildConfigurations = (
				DCD9953B275DEE7A00C7E3B5 /* Debug */,
				DCD9953C275DEE7A00C7E3B5 /* Release */,
			);
			defaultConfigurationIsVisible = 0;
			defaultConfigurationName = Release;
		};
/* End XCConfigurationList section */
	};
	rootObject = DCD9951E275DEE7800C7E3B5 /* Project object */;
}
