// !$*UTF8*$!
{
	archiveVersion = 1;
	classes = {
	};
	objectVersion = 55;
	objects = {

/* Begin PBXBuildFile section */
		95044CF6275E314B008B37A7 /* AppDelegate.swift in Sources */ = {isa = PBXBuildFile; fileRef = 95044CF5275E314B008B37A7 /* AppDelegate.swift */; };
		95044CF8275E314B008B37A7 /* SceneDelegate.swift in Sources */ = {isa = PBXBuildFile; fileRef = 95044CF7275E314B008B37A7 /* SceneDelegate.swift */; };
		95044CFA275E314B008B37A7 /* ViewController.swift in Sources */ = {isa = PBXBuildFile; fileRef = 95044CF9275E314B008B37A7 /* ViewController.swift */; };
		95044CFD275E314B008B37A7 /* Main.storyboard in Resources */ = {isa = PBXBuildFile; fileRef = 95044CFB275E314B008B37A7 /* Main.storyboard */; };
		95044CFF275E314C008B37A7 /* Assets.xcassets in Resources */ = {isa = PBXBuildFile; fileRef = 95044CFE275E314C008B37A7 /* Assets.xcassets */; };
		95044D02275E314C008B37A7 /* LaunchScreen.storyboard in Resources */ = {isa = PBXBuildFile; fileRef = 95044D00275E314C008B37A7 /* LaunchScreen.storyboard */; };
		95044D0D275E314C008B37A7 /* JawaherAbuLahsah_BMITests.swift in Sources */ = {isa = PBXBuildFile; fileRef = 95044D0C275E314C008B37A7 /* JawaherAbuLahsah_BMITests.swift */; };
		95044D17275E314C008B37A7 /* JawaherAbuLahsah_BMIUITests.swift in Sources */ = {isa = PBXBuildFile; fileRef = 95044D16275E314C008B37A7 /* JawaherAbuLahsah_BMIUITests.swift */; };
		95044D19275E314C008B37A7 /* JawaherAbuLahsah_BMIUITestsLaunchTests.swift in Sources */ = {isa = PBXBuildFile; fileRef = 95044D18275E314C008B37A7 /* JawaherAbuLahsah_BMIUITestsLaunchTests.swift */; };
		95044D2B275E3BC3008B37A7 /* Localization.strings in Resources */ = {isa = PBXBuildFile; fileRef = 95044D2D275E3BC3008B37A7 /* Localization.strings */; };
		95044D31275E491D008B37A7 /* BundleExtention.swift in Sources */ = {isa = PBXBuildFile; fileRef = 95044D30275E491D008B37A7 /* BundleExtention.swift */; };
/* End PBXBuildFile section */

/* Begin PBXContainerItemProxy section */
		95044D09275E314C008B37A7 /* PBXContainerItemProxy */ = {
			isa = PBXContainerItemProxy;
			containerPortal = 95044CEA275E314B008B37A7 /* Project object */;
			proxyType = 1;
			remoteGlobalIDString = 95044CF1275E314B008B37A7;
			remoteInfo = JawaherAbuLahsah_BMI;
		};
		95044D13275E314C008B37A7 /* PBXContainerItemProxy */ = {
			isa = PBXContainerItemProxy;
			containerPortal = 95044CEA275E314B008B37A7 /* Project object */;
			proxyType = 1;
			remoteGlobalIDString = 95044CF1275E314B008B37A7;
			remoteInfo = JawaherAbuLahsah_BMI;
		};
/* End PBXContainerItemProxy section */

/* Begin PBXFileReference section */
		95044CF2275E314B008B37A7 /* JawaherAbuLahsah_BMI.app */ = {isa = PBXFileReference; explicitFileType = wrapper.application; includeInIndex = 0; path = JawaherAbuLahsah_BMI.app; sourceTree = BUILT_PRODUCTS_DIR; };
		95044CF5275E314B008B37A7 /* AppDelegate.swift */ = {isa = PBXFileReference; lastKnownFileType = sourcecode.swift; path = AppDelegate.swift; sourceTree = "<group>"; };
		95044CF7275E314B008B37A7 /* SceneDelegate.swift */ = {isa = PBXFileReference; lastKnownFileType = sourcecode.swift; path = SceneDelegate.swift; sourceTree = "<group>"; };
		95044CF9275E314B008B37A7 /* ViewController.swift */ = {isa = PBXFileReference; lastKnownFileType = sourcecode.swift; path = ViewController.swift; sourceTree = "<group>"; };
		95044CFC275E314B008B37A7 /* Base */ = {isa = PBXFileReference; lastKnownFileType = file.storyboard; name = Base; path = Base.lproj/Main.storyboard; sourceTree = "<group>"; };
		95044CFE275E314C008B37A7 /* Assets.xcassets */ = {isa = PBXFileReference; lastKnownFileType = folder.assetcatalog; path = Assets.xcassets; sourceTree = "<group>"; };
		95044D01275E314C008B37A7 /* Base */ = {isa = PBXFileReference; lastKnownFileType = file.storyboard; name = Base; path = Base.lproj/LaunchScreen.storyboard; sourceTree = "<group>"; };
		95044D03275E314C008B37A7 /* Info.plist */ = {isa = PBXFileReference; lastKnownFileType = text.plist.xml; path = Info.plist; sourceTree = "<group>"; };
		95044D08275E314C008B37A7 /* JawaherAbuLahsah_BMITests.xctest */ = {isa = PBXFileReference; explicitFileType = wrapper.cfbundle; includeInIndex = 0; path = JawaherAbuLahsah_BMITests.xctest; sourceTree = BUILT_PRODUCTS_DIR; };
		95044D0C275E314C008B37A7 /* JawaherAbuLahsah_BMITests.swift */ = {isa = PBXFileReference; lastKnownFileType = sourcecode.swift; path = JawaherAbuLahsah_BMITests.swift; sourceTree = "<group>"; };
		95044D12275E314C008B37A7 /* JawaherAbuLahsah_BMIUITests.xctest */ = {isa = PBXFileReference; explicitFileType = wrapper.cfbundle; includeInIndex = 0; path = JawaherAbuLahsah_BMIUITests.xctest; sourceTree = BUILT_PRODUCTS_DIR; };
		95044D16275E314C008B37A7 /* JawaherAbuLahsah_BMIUITests.swift */ = {isa = PBXFileReference; lastKnownFileType = sourcecode.swift; path = JawaherAbuLahsah_BMIUITests.swift; sourceTree = "<group>"; };
		95044D18275E314C008B37A7 /* JawaherAbuLahsah_BMIUITestsLaunchTests.swift */ = {isa = PBXFileReference; lastKnownFileType = sourcecode.swift; path = JawaherAbuLahsah_BMIUITestsLaunchTests.swift; sourceTree = "<group>"; };
		95044D25275E3162008B37A7 /* ar */ = {isa = PBXFileReference; lastKnownFileType = text.plist.strings; name = ar; path = ar.lproj/Main.strings; sourceTree = "<group>"; };
		95044D26275E3162008B37A7 /* ar */ = {isa = PBXFileReference; lastKnownFileType = text.plist.strings; name = ar; path = ar.lproj/LaunchScreen.strings; sourceTree = "<group>"; };
		95044D27275E316E008B37A7 /* fr */ = {isa = PBXFileReference; lastKnownFileType = text.plist.strings; name = fr; path = fr.lproj/Main.strings; sourceTree = "<group>"; };
		95044D28275E316E008B37A7 /* fr */ = {isa = PBXFileReference; lastKnownFileType = text.plist.strings; name = fr; path = fr.lproj/LaunchScreen.strings; sourceTree = "<group>"; };
		95044D2C275E3BC3008B37A7 /* ar */ = {isa = PBXFileReference; lastKnownFileType = text.plist.strings; name = ar; path = ar.lproj/Localization.strings; sourceTree = "<group>"; };
		95044D2E275E3BC5008B37A7 /* en */ = {isa = PBXFileReference; lastKnownFileType = text.plist.strings; name = en; path = en.lproj/Localization.strings; sourceTree = "<group>"; };
		95044D2F275E3BC5008B37A7 /* fr */ = {isa = PBXFileReference; lastKnownFileType = text.plist.strings; name = fr; path = fr.lproj/Localization.strings; sourceTree = "<group>"; };
		95044D30275E491D008B37A7 /* BundleExtention.swift */ = {isa = PBXFileReference; lastKnownFileType = sourcecode.swift; path = BundleExtention.swift; sourceTree = "<group>"; };
/* End PBXFileReference section */

/* Begin PBXFrameworksBuildPhase section */
		95044CEF275E314B008B37A7 /* Frameworks */ = {
			isa = PBXFrameworksBuildPhase;
			buildActionMask = 2147483647;
			files = (
			);
			runOnlyForDeploymentPostprocessing = 0;
		};
		95044D05275E314C008B37A7 /* Frameworks */ = {
			isa = PBXFrameworksBuildPhase;
			buildActionMask = 2147483647;
			files = (
			);
			runOnlyForDeploymentPostprocessing = 0;
		};
		95044D0F275E314C008B37A7 /* Frameworks */ = {
			isa = PBXFrameworksBuildPhase;
			buildActionMask = 2147483647;
			files = (
			);
			runOnlyForDeploymentPostprocessing = 0;
		};
/* End PBXFrameworksBuildPhase section */

/* Begin PBXGroup section */
		95044CE9275E314B008B37A7 = {
			isa = PBXGroup;
			children = (
				95044CF4275E314B008B37A7 /* JawaherAbuLahsah_BMI */,
				95044D0B275E314C008B37A7 /* JawaherAbuLahsah_BMITests */,
				95044D15275E314C008B37A7 /* JawaherAbuLahsah_BMIUITests */,
				95044CF3275E314B008B37A7 /* Products */,
			);
			sourceTree = "<group>";
		};
		95044CF3275E314B008B37A7 /* Products */ = {
			isa = PBXGroup;
			children = (
				95044CF2275E314B008B37A7 /* JawaherAbuLahsah_BMI.app */,
				95044D08275E314C008B37A7 /* JawaherAbuLahsah_BMITests.xctest */,
				95044D12275E314C008B37A7 /* JawaherAbuLahsah_BMIUITests.xctest */,
			);
			name = Products;
			sourceTree = "<group>";
		};
		95044CF4275E314B008B37A7 /* JawaherAbuLahsah_BMI */ = {
			isa = PBXGroup;
			children = (
				95044CF5275E314B008B37A7 /* AppDelegate.swift */,
				95044CF7275E314B008B37A7 /* SceneDelegate.swift */,
				95044CF9275E314B008B37A7 /* ViewController.swift */,
				95044D30275E491D008B37A7 /* BundleExtention.swift */,
				95044D2D275E3BC3008B37A7 /* Localization.strings */,
				95044CFB275E314B008B37A7 /* Main.storyboard */,
				95044CFE275E314C008B37A7 /* Assets.xcassets */,
				95044D00275E314C008B37A7 /* LaunchScreen.storyboard */,
				95044D03275E314C008B37A7 /* Info.plist */,
			);
			path = JawaherAbuLahsah_BMI;
			sourceTree = "<group>";
		};
		95044D0B275E314C008B37A7 /* JawaherAbuLahsah_BMITests */ = {
			isa = PBXGroup;
			children = (
				95044D0C275E314C008B37A7 /* JawaherAbuLahsah_BMITests.swift */,
			);
			path = JawaherAbuLahsah_BMITests;
			sourceTree = "<group>";
		};
		95044D15275E314C008B37A7 /* JawaherAbuLahsah_BMIUITests */ = {
			isa = PBXGroup;
			children = (
				95044D16275E314C008B37A7 /* JawaherAbuLahsah_BMIUITests.swift */,
				95044D18275E314C008B37A7 /* JawaherAbuLahsah_BMIUITestsLaunchTests.swift */,
			);
			path = JawaherAbuLahsah_BMIUITests;
			sourceTree = "<group>";
		};
/* End PBXGroup section */

/* Begin PBXNativeTarget section */
		95044CF1275E314B008B37A7 /* JawaherAbuLahsah_BMI */ = {
			isa = PBXNativeTarget;
			buildConfigurationList = 95044D1C275E314C008B37A7 /* Build configuration list for PBXNativeTarget "JawaherAbuLahsah_BMI" */;
			buildPhases = (
				95044CEE275E314B008B37A7 /* Sources */,
				95044CEF275E314B008B37A7 /* Frameworks */,
				95044CF0275E314B008B37A7 /* Resources */,
			);
			buildRules = (
			);
			dependencies = (
			);
			name = JawaherAbuLahsah_BMI;
			productName = JawaherAbuLahsah_BMI;
			productReference = 95044CF2275E314B008B37A7 /* JawaherAbuLahsah_BMI.app */;
			productType = "com.apple.product-type.application";
		};
		95044D07275E314C008B37A7 /* JawaherAbuLahsah_BMITests */ = {
			isa = PBXNativeTarget;
			buildConfigurationList = 95044D1F275E314C008B37A7 /* Build configuration list for PBXNativeTarget "JawaherAbuLahsah_BMITests" */;
			buildPhases = (
				95044D04275E314C008B37A7 /* Sources */,
				95044D05275E314C008B37A7 /* Frameworks */,
				95044D06275E314C008B37A7 /* Resources */,
			);
			buildRules = (
			);
			dependencies = (
				95044D0A275E314C008B37A7 /* PBXTargetDependency */,
			);
			name = JawaherAbuLahsah_BMITests;
			productName = JawaherAbuLahsah_BMITests;
			productReference = 95044D08275E314C008B37A7 /* JawaherAbuLahsah_BMITests.xctest */;
			productType = "com.apple.product-type.bundle.unit-test";
		};
		95044D11275E314C008B37A7 /* JawaherAbuLahsah_BMIUITests */ = {
			isa = PBXNativeTarget;
			buildConfigurationList = 95044D22275E314C008B37A7 /* Build configuration list for PBXNativeTarget "JawaherAbuLahsah_BMIUITests" */;
			buildPhases = (
				95044D0E275E314C008B37A7 /* Sources */,
				95044D0F275E314C008B37A7 /* Frameworks */,
				95044D10275E314C008B37A7 /* Resources */,
			);
			buildRules = (
			);
			dependencies = (
				95044D14275E314C008B37A7 /* PBXTargetDependency */,
			);
			name = JawaherAbuLahsah_BMIUITests;
			productName = JawaherAbuLahsah_BMIUITests;
			productReference = 95044D12275E314C008B37A7 /* JawaherAbuLahsah_BMIUITests.xctest */;
			productType = "com.apple.product-type.bundle.ui-testing";
		};
/* End PBXNativeTarget section */

/* Begin PBXProject section */
		95044CEA275E314B008B37A7 /* Project object */ = {
			isa = PBXProject;
			attributes = {
				BuildIndependentTargetsInParallel = 1;
				LastSwiftUpdateCheck = 1310;
				LastUpgradeCheck = 1310;
				TargetAttributes = {
					95044CF1275E314B008B37A7 = {
						CreatedOnToolsVersion = 13.1;
					};
					95044D07275E314C008B37A7 = {
						CreatedOnToolsVersion = 13.1;
						TestTargetID = 95044CF1275E314B008B37A7;
					};
					95044D11275E314C008B37A7 = {
						CreatedOnToolsVersion = 13.1;
						TestTargetID = 95044CF1275E314B008B37A7;
					};
				};
			};
			buildConfigurationList = 95044CED275E314B008B37A7 /* Build configuration list for PBXProject "JawaherAbuLahsah_BMI" */;
			compatibilityVersion = "Xcode 13.0";
			developmentRegion = en;
			hasScannedForEncodings = 0;
			knownRegions = (
				en,
				Base,
				ar,
				fr,
			);
			mainGroup = 95044CE9275E314B008B37A7;
			productRefGroup = 95044CF3275E314B008B37A7 /* Products */;
			projectDirPath = "";
			projectRoot = "";
			targets = (
				95044CF1275E314B008B37A7 /* JawaherAbuLahsah_BMI */,
				95044D07275E314C008B37A7 /* JawaherAbuLahsah_BMITests */,
				95044D11275E314C008B37A7 /* JawaherAbuLahsah_BMIUITests */,
			);
		};
/* End PBXProject section */

/* Begin PBXResourcesBuildPhase section */
		95044CF0275E314B008B37A7 /* Resources */ = {
			isa = PBXResourcesBuildPhase;
			buildActionMask = 2147483647;
			files = (
				95044D02275E314C008B37A7 /* LaunchScreen.storyboard in Resources */,
				95044D2B275E3BC3008B37A7 /* Localization.strings in Resources */,
				95044CFF275E314C008B37A7 /* Assets.xcassets in Resources */,
				95044CFD275E314B008B37A7 /* Main.storyboard in Resources */,
			);
			runOnlyForDeploymentPostprocessing = 0;
		};
		95044D06275E314C008B37A7 /* Resources */ = {
			isa = PBXResourcesBuildPhase;
			buildActionMask = 2147483647;
			files = (
			);
			runOnlyForDeploymentPostprocessing = 0;
		};
		95044D10275E314C008B37A7 /* Resources */ = {
			isa = PBXResourcesBuildPhase;
			buildActionMask = 2147483647;
			files = (
			);
			runOnlyForDeploymentPostprocessing = 0;
		};
/* End PBXResourcesBuildPhase section */

/* Begin PBXSourcesBuildPhase section */
		95044CEE275E314B008B37A7 /* Sources */ = {
			isa = PBXSourcesBuildPhase;
			buildActionMask = 2147483647;
			files = (
				95044D31275E491D008B37A7 /* BundleExtention.swift in Sources */,
				95044CFA275E314B008B37A7 /* ViewController.swift in Sources */,
				95044CF6275E314B008B37A7 /* AppDelegate.swift in Sources */,
				95044CF8275E314B008B37A7 /* SceneDelegate.swift in Sources */,
			);
			runOnlyForDeploymentPostprocessing = 0;
		};
		95044D04275E314C008B37A7 /* Sources */ = {
			isa = PBXSourcesBuildPhase;
			buildActionMask = 2147483647;
			files = (
				95044D0D275E314C008B37A7 /* JawaherAbuLahsah_BMITests.swift in Sources */,
			);
			runOnlyForDeploymentPostprocessing = 0;
		};
		95044D0E275E314C008B37A7 /* Sources */ = {
			isa = PBXSourcesBuildPhase;
			buildActionMask = 2147483647;
			files = (
				95044D19275E314C008B37A7 /* JawaherAbuLahsah_BMIUITestsLaunchTests.swift in Sources */,
				95044D17275E314C008B37A7 /* JawaherAbuLahsah_BMIUITests.swift in Sources */,
			);
			runOnlyForDeploymentPostprocessing = 0;
		};
/* End PBXSourcesBuildPhase section */

/* Begin PBXTargetDependency section */
		95044D0A275E314C008B37A7 /* PBXTargetDependency */ = {
			isa = PBXTargetDependency;
			target = 95044CF1275E314B008B37A7 /* JawaherAbuLahsah_BMI */;
			targetProxy = 95044D09275E314C008B37A7 /* PBXContainerItemProxy */;
		};
		95044D14275E314C008B37A7 /* PBXTargetDependency */ = {
			isa = PBXTargetDependency;
			target = 95044CF1275E314B008B37A7 /* JawaherAbuLahsah_BMI */;
			targetProxy = 95044D13275E314C008B37A7 /* PBXContainerItemProxy */;
		};
/* End PBXTargetDependency section */

/* Begin PBXVariantGroup section */
		95044CFB275E314B008B37A7 /* Main.storyboard */ = {
			isa = PBXVariantGroup;
			children = (
				95044CFC275E314B008B37A7 /* Base */,
				95044D25275E3162008B37A7 /* ar */,
				95044D27275E316E008B37A7 /* fr */,
			);
			name = Main.storyboard;
			sourceTree = "<group>";
		};
		95044D00275E314C008B37A7 /* LaunchScreen.storyboard */ = {
			isa = PBXVariantGroup;
			children = (
				95044D01275E314C008B37A7 /* Base */,
				95044D26275E3162008B37A7 /* ar */,
				95044D28275E316E008B37A7 /* fr */,
			);
			name = LaunchScreen.storyboard;
			sourceTree = "<group>";
		};
		95044D2D275E3BC3008B37A7 /* Localization.strings */ = {
			isa = PBXVariantGroup;
			children = (
				95044D2C275E3BC3008B37A7 /* ar */,
				95044D2E275E3BC5008B37A7 /* en */,
				95044D2F275E3BC5008B37A7 /* fr */,
			);
			name = Localization.strings;
			sourceTree = "<group>";
		};
/* End PBXVariantGroup section */

/* Begin XCBuildConfiguration section */
		95044D1A275E314C008B37A7 /* Debug */ = {
			isa = XCBuildConfiguration;
			buildSettings = {
				ALWAYS_SEARCH_USER_PATHS = NO;
				CLANG_ANALYZER_LOCALIZABILITY_NONLOCALIZED = YES;
				CLANG_ANALYZER_NONNULL = YES;
				CLANG_ANALYZER_NUMBER_OBJECT_CONVERSION = YES_AGGRESSIVE;
				CLANG_CXX_LANGUAGE_STANDARD = "gnu++17";
				CLANG_CXX_LIBRARY = "libc++";
				CLANG_ENABLE_MODULES = YES;
				CLANG_ENABLE_OBJC_ARC = YES;
				CLANG_ENABLE_OBJC_WEAK = YES;
				CLANG_WARN_BLOCK_CAPTURE_AUTORELEASING = YES;
				CLANG_WARN_BOOL_CONVERSION = YES;
				CLANG_WARN_COMMA = YES;
				CLANG_WARN_CONSTANT_CONVERSION = YES;
				CLANG_WARN_DEPRECATED_OBJC_IMPLEMENTATIONS = YES;
				CLANG_WARN_DIRECT_OBJC_ISA_USAGE = YES_ERROR;
				CLANG_WARN_DOCUMENTATION_COMMENTS = YES;
				CLANG_WARN_EMPTY_BODY = YES;
				CLANG_WARN_ENUM_CONVERSION = YES;
				CLANG_WARN_INFINITE_RECURSION = YES;
				CLANG_WARN_INT_CONVERSION = YES;
				CLANG_WARN_NON_LITERAL_NULL_CONVERSION = YES;
				CLANG_WARN_OBJC_IMPLICIT_RETAIN_SELF = YES;
				CLANG_WARN_OBJC_LITERAL_CONVERSION = YES;
				CLANG_WARN_OBJC_ROOT_CLASS = YES_ERROR;
				CLANG_WARN_QUOTED_INCLUDE_IN_FRAMEWORK_HEADER = YES;
				CLANG_WARN_RANGE_LOOP_ANALYSIS = YES;
				CLANG_WARN_STRICT_PROTOTYPES = YES;
				CLANG_WARN_SUSPICIOUS_MOVE = YES;
				CLANG_WARN_UNGUARDED_AVAILABILITY = YES_AGGRESSIVE;
				CLANG_WARN_UNREACHABLE_CODE = YES;
				CLANG_WARN__DUPLICATE_METHOD_MATCH = YES;
				COPY_PHASE_STRIP = NO;
				DEBUG_INFORMATION_FORMAT = dwarf;
				ENABLE_STRICT_OBJC_MSGSEND = YES;
				ENABLE_TESTABILITY = YES;
				GCC_C_LANGUAGE_STANDARD = gnu11;
				GCC_DYNAMIC_NO_PIC = NO;
				GCC_NO_COMMON_BLOCKS = YES;
				GCC_OPTIMIZATION_LEVEL = 0;
				GCC_PREPROCESSOR_DEFINITIONS = (
					"DEBUG=1",
					"$(inherited)",
				);
				GCC_WARN_64_TO_32_BIT_CONVERSION = YES;
				GCC_WARN_ABOUT_RETURN_TYPE = YES_ERROR;
				GCC_WARN_UNDECLARED_SELECTOR = YES;
				GCC_WARN_UNINITIALIZED_AUTOS = YES_AGGRESSIVE;
				GCC_WARN_UNUSED_FUNCTION = YES;
				GCC_WARN_UNUSED_VARIABLE = YES;
				IPHONEOS_DEPLOYMENT_TARGET = 15.0;
				MTL_ENABLE_DEBUG_INFO = INCLUDE_SOURCE;
				MTL_FAST_MATH = YES;
				ONLY_ACTIVE_ARCH = YES;
				SDKROOT = iphoneos;
				SWIFT_ACTIVE_COMPILATION_CONDITIONS = DEBUG;
				SWIFT_OPTIMIZATION_LEVEL = "-Onone";
			};
			name = Debug;
		};
		95044D1B275E314C008B37A7 /* Release */ = {
			isa = XCBuildConfiguration;
			buildSettings = {
				ALWAYS_SEARCH_USER_PATHS = NO;
				CLANG_ANALYZER_LOCALIZABILITY_NONLOCALIZED = YES;
				CLANG_ANALYZER_NONNULL = YES;
				CLANG_ANALYZER_NUMBER_OBJECT_CONVERSION = YES_AGGRESSIVE;
				CLANG_CXX_LANGUAGE_STANDARD = "gnu++17";
				CLANG_CXX_LIBRARY = "libc++";
				CLANG_ENABLE_MODULES = YES;
				CLANG_ENABLE_OBJC_ARC = YES;
				CLANG_ENABLE_OBJC_WEAK = YES;
				CLANG_WARN_BLOCK_CAPTURE_AUTORELEASING = YES;
				CLANG_WARN_BOOL_CONVERSION = YES;
				CLANG_WARN_COMMA = YES;
				CLANG_WARN_CONSTANT_CONVERSION = YES;
				CLANG_WARN_DEPRECATED_OBJC_IMPLEMENTATIONS = YES;
				CLANG_WARN_DIRECT_OBJC_ISA_USAGE = YES_ERROR;
				CLANG_WARN_DOCUMENTATION_COMMENTS = YES;
				CLANG_WARN_EMPTY_BODY = YES;
				CLANG_WARN_ENUM_CONVERSION = YES;
				CLANG_WARN_INFINITE_RECURSION = YES;
				CLANG_WARN_INT_CONVERSION = YES;
				CLANG_WARN_NON_LITERAL_NULL_CONVERSION = YES;
				CLANG_WARN_OBJC_IMPLICIT_RETAIN_SELF = YES;
				CLANG_WARN_OBJC_LITERAL_CONVERSION = YES;
				CLANG_WARN_OBJC_ROOT_CLASS = YES_ERROR;
				CLANG_WARN_QUOTED_INCLUDE_IN_FRAMEWORK_HEADER = YES;
				CLANG_WARN_RANGE_LOOP_ANALYSIS = YES;
				CLANG_WARN_STRICT_PROTOTYPES = YES;
				CLANG_WARN_SUSPICIOUS_MOVE = YES;
				CLANG_WARN_UNGUARDED_AVAILABILITY = YES_AGGRESSIVE;
				CLANG_WARN_UNREACHABLE_CODE = YES;
				CLANG_WARN__DUPLICATE_METHOD_MATCH = YES;
				COPY_PHASE_STRIP = NO;
				DEBUG_INFORMATION_FORMAT = "dwarf-with-dsym";
				ENABLE_NS_ASSERTIONS = NO;
				ENABLE_STRICT_OBJC_MSGSEND = YES;
				GCC_C_LANGUAGE_STANDARD = gnu11;
				GCC_NO_COMMON_BLOCKS = YES;
				GCC_WARN_64_TO_32_BIT_CONVERSION = YES;
				GCC_WARN_ABOUT_RETURN_TYPE = YES_ERROR;
				GCC_WARN_UNDECLARED_SELECTOR = YES;
				GCC_WARN_UNINITIALIZED_AUTOS = YES_AGGRESSIVE;
				GCC_WARN_UNUSED_FUNCTION = YES;
				GCC_WARN_UNUSED_VARIABLE = YES;
				IPHONEOS_DEPLOYMENT_TARGET = 15.0;
				MTL_ENABLE_DEBUG_INFO = NO;
				MTL_FAST_MATH = YES;
				SDKROOT = iphoneos;
				SWIFT_COMPILATION_MODE = wholemodule;
				SWIFT_OPTIMIZATION_LEVEL = "-O";
				VALIDATE_PRODUCT = YES;
			};
			name = Release;
		};
		95044D1D275E314C008B37A7 /* Debug */ = {
			isa = XCBuildConfiguration;
			buildSettings = {
				ASSETCATALOG_COMPILER_APPICON_NAME = AppIcon;
				ASSETCATALOG_COMPILER_GLOBAL_ACCENT_COLOR_NAME = AccentColor;
				CODE_SIGN_STYLE = Automatic;
				CURRENT_PROJECT_VERSION = 1;
				DEVELOPMENT_TEAM = 4TAAWH6W7Q;
				GENERATE_INFOPLIST_FILE = YES;
				INFOPLIST_FILE = JawaherAbuLahsah_BMI/Info.plist;
				INFOPLIST_KEY_UIApplicationSupportsIndirectInputEvents = YES;
				INFOPLIST_KEY_UILaunchStoryboardName = LaunchScreen;
				INFOPLIST_KEY_UIMainStoryboardFile = Main;
				INFOPLIST_KEY_UISupportedInterfaceOrientations_iPad = "UIInterfaceOrientationPortrait UIInterfaceOrientationPortraitUpsideDown UIInterfaceOrientationLandscapeLeft UIInterfaceOrientationLandscapeRight";
				INFOPLIST_KEY_UISupportedInterfaceOrientations_iPhone = "UIInterfaceOrientationPortrait UIInterfaceOrientationLandscapeLeft UIInterfaceOrientationLandscapeRight";
				LD_RUNPATH_SEARCH_PATHS = (
					"$(inherited)",
					"@executable_path/Frameworks",
				);
				MARKETING_VERSION = 1.0;
				PRODUCT_BUNDLE_IDENTIFIER = "jawaher.JawaherAbuLahsah-BMI";
				PRODUCT_NAME = "$(TARGET_NAME)";
				SWIFT_EMIT_LOC_STRINGS = YES;
				SWIFT_VERSION = 5.0;
				TARGETED_DEVICE_FAMILY = "1,2";
			};
			name = Debug;
		};
		95044D1E275E314C008B37A7 /* Release */ = {
			isa = XCBuildConfiguration;
			buildSettings = {
				ASSETCATALOG_COMPILER_APPICON_NAME = AppIcon;
				ASSETCATALOG_COMPILER_GLOBAL_ACCENT_COLOR_NAME = AccentColor;
				CODE_SIGN_STYLE = Automatic;
				CURRENT_PROJECT_VERSION = 1;
				DEVELOPMENT_TEAM = 4TAAWH6W7Q;
				GENERATE_INFOPLIST_FILE = YES;
				INFOPLIST_FILE = JawaherAbuLahsah_BMI/Info.plist;
				INFOPLIST_KEY_UIApplicationSupportsIndirectInputEvents = YES;
				INFOPLIST_KEY_UILaunchStoryboardName = LaunchScreen;
				INFOPLIST_KEY_UIMainStoryboardFile = Main;
				INFOPLIST_KEY_UISupportedInterfaceOrientations_iPad = "UIInterfaceOrientationPortrait UIInterfaceOrientationPortraitUpsideDown UIInterfaceOrientationLandscapeLeft UIInterfaceOrientationLandscapeRight";
				INFOPLIST_KEY_UISupportedInterfaceOrientations_iPhone = "UIInterfaceOrientationPortrait UIInterfaceOrientationLandscapeLeft UIInterfaceOrientationLandscapeRight";
				LD_RUNPATH_SEARCH_PATHS = (
					"$(inherited)",
					"@executable_path/Frameworks",
				);
				MARKETING_VERSION = 1.0;
				PRODUCT_BUNDLE_IDENTIFIER = "jawaher.JawaherAbuLahsah-BMI";
				PRODUCT_NAME = "$(TARGET_NAME)";
				SWIFT_EMIT_LOC_STRINGS = YES;
				SWIFT_VERSION = 5.0;
				TARGETED_DEVICE_FAMILY = "1,2";
			};
			name = Release;
		};
		95044D20275E314C008B37A7 /* Debug */ = {
			isa = XCBuildConfiguration;
			buildSettings = {
				ALWAYS_EMBED_SWIFT_STANDARD_LIBRARIES = YES;
				BUNDLE_LOADER = "$(TEST_HOST)";
				CODE_SIGN_STYLE = Automatic;
				CURRENT_PROJECT_VERSION = 1;
				DEVELOPMENT_TEAM = 4TAAWH6W7Q;
				GENERATE_INFOPLIST_FILE = YES;
				IPHONEOS_DEPLOYMENT_TARGET = 15.0;
				LD_RUNPATH_SEARCH_PATHS = (
					"$(inherited)",
					"@executable_path/Frameworks",
					"@loader_path/Frameworks",
				);
				MARKETING_VERSION = 1.0;
				PRODUCT_BUNDLE_IDENTIFIER = "jawaher.JawaherAbuLahsah-BMITests";
				PRODUCT_NAME = "$(TARGET_NAME)";
				SWIFT_EMIT_LOC_STRINGS = NO;
				SWIFT_VERSION = 5.0;
				TARGETED_DEVICE_FAMILY = "1,2";
				TEST_HOST = "$(BUILT_PRODUCTS_DIR)/JawaherAbuLahsah_BMI.app/JawaherAbuLahsah_BMI";
			};
			name = Debug;
		};
		95044D21275E314C008B37A7 /* Release */ = {
			isa = XCBuildConfiguration;
			buildSettings = {
				ALWAYS_EMBED_SWIFT_STANDARD_LIBRARIES = YES;
				BUNDLE_LOADER = "$(TEST_HOST)";
				CODE_SIGN_STYLE = Automatic;
				CURRENT_PROJECT_VERSION = 1;
				DEVELOPMENT_TEAM = 4TAAWH6W7Q;
				GENERATE_INFOPLIST_FILE = YES;
				IPHONEOS_DEPLOYMENT_TARGET = 15.0;
				LD_RUNPATH_SEARCH_PATHS = (
					"$(inherited)",
					"@executable_path/Frameworks",
					"@loader_path/Frameworks",
				);
				MARKETING_VERSION = 1.0;
				PRODUCT_BUNDLE_IDENTIFIER = "jawaher.JawaherAbuLahsah-BMITests";
				PRODUCT_NAME = "$(TARGET_NAME)";
				SWIFT_EMIT_LOC_STRINGS = NO;
				SWIFT_VERSION = 5.0;
				TARGETED_DEVICE_FAMILY = "1,2";
				TEST_HOST = "$(BUILT_PRODUCTS_DIR)/JawaherAbuLahsah_BMI.app/JawaherAbuLahsah_BMI";
			};
			name = Release;
		};
		95044D23275E314C008B37A7 /* Debug */ = {
			isa = XCBuildConfiguration;
			buildSettings = {
				ALWAYS_EMBED_SWIFT_STANDARD_LIBRARIES = YES;
				CODE_SIGN_STYLE = Automatic;
				CURRENT_PROJECT_VERSION = 1;
				DEVELOPMENT_TEAM = 4TAAWH6W7Q;
				GENERATE_INFOPLIST_FILE = YES;
				LD_RUNPATH_SEARCH_PATHS = (
					"$(inherited)",
					"@executable_path/Frameworks",
					"@loader_path/Frameworks",
				);
				MARKETING_VERSION = 1.0;
				PRODUCT_BUNDLE_IDENTIFIER = "jawaher.JawaherAbuLahsah-BMIUITests";
				PRODUCT_NAME = "$(TARGET_NAME)";
				SWIFT_EMIT_LOC_STRINGS = NO;
				SWIFT_VERSION = 5.0;
				TARGETED_DEVICE_FAMILY = "1,2";
				TEST_TARGET_NAME = JawaherAbuLahsah_BMI;
			};
			name = Debug;
		};
		95044D24275E314C008B37A7 /* Release */ = {
			isa = XCBuildConfiguration;
			buildSettings = {
				ALWAYS_EMBED_SWIFT_STANDARD_LIBRARIES = YES;
				CODE_SIGN_STYLE = Automatic;
				CURRENT_PROJECT_VERSION = 1;
				DEVELOPMENT_TEAM = 4TAAWH6W7Q;
				GENERATE_INFOPLIST_FILE = YES;
				LD_RUNPATH_SEARCH_PATHS = (
					"$(inherited)",
					"@executable_path/Frameworks",
					"@loader_path/Frameworks",
				);
				MARKETING_VERSION = 1.0;
				PRODUCT_BUNDLE_IDENTIFIER = "jawaher.JawaherAbuLahsah-BMIUITests";
				PRODUCT_NAME = "$(TARGET_NAME)";
				SWIFT_EMIT_LOC_STRINGS = NO;
				SWIFT_VERSION = 5.0;
				TARGETED_DEVICE_FAMILY = "1,2";
				TEST_TARGET_NAME = JawaherAbuLahsah_BMI;
			};
			name = Release;
		};
/* End XCBuildConfiguration section */

/* Begin XCConfigurationList section */
		95044CED275E314B008B37A7 /* Build configuration list for PBXProject "JawaherAbuLahsah_BMI" */ = {
			isa = XCConfigurationList;
			buildConfigurations = (
				95044D1A275E314C008B37A7 /* Debug */,
				95044D1B275E314C008B37A7 /* Release */,
			);
			defaultConfigurationIsVisible = 0;
			defaultConfigurationName = Release;
		};
		95044D1C275E314C008B37A7 /* Build configuration list for PBXNativeTarget "JawaherAbuLahsah_BMI" */ = {
			isa = XCConfigurationList;
			buildConfigurations = (
				95044D1D275E314C008B37A7 /* Debug */,
				95044D1E275E314C008B37A7 /* Release */,
			);
			defaultConfigurationIsVisible = 0;
			defaultConfigurationName = Release;
		};
		95044D1F275E314C008B37A7 /* Build configuration list for PBXNativeTarget "JawaherAbuLahsah_BMITests" */ = {
			isa = XCConfigurationList;
			buildConfigurations = (
				95044D20275E314C008B37A7 /* Debug */,
				95044D21275E314C008B37A7 /* Release */,
			);
			defaultConfigurationIsVisible = 0;
			defaultConfigurationName = Release;
		};
		95044D22275E314C008B37A7 /* Build configuration list for PBXNativeTarget "JawaherAbuLahsah_BMIUITests" */ = {
			isa = XCConfigurationList;
			buildConfigurations = (
				95044D23275E314C008B37A7 /* Debug */,
				95044D24275E314C008B37A7 /* Release */,
			);
			defaultConfigurationIsVisible = 0;
			defaultConfigurationName = Release;
		};
/* End XCConfigurationList section */
	};
	rootObject = 95044CEA275E314B008B37A7 /* Project object */;
}
