// !$*UTF8*$!
{
	archiveVersion = 1;
	classes = {
	};
	objectVersion = 55;
	objects = {

/* Begin PBXBuildFile section */
		11241652275F1C9B00B53999 /* AppDelegate.swift in Sources */ = {isa = PBXBuildFile; fileRef = 11241651275F1C9B00B53999 /* AppDelegate.swift */; };
		11241654275F1C9B00B53999 /* SceneDelegate.swift in Sources */ = {isa = PBXBuildFile; fileRef = 11241653275F1C9B00B53999 /* SceneDelegate.swift */; };
		11241656275F1C9B00B53999 /* ViewController.swift in Sources */ = {isa = PBXBuildFile; fileRef = 11241655275F1C9B00B53999 /* ViewController.swift */; };
		11241659275F1C9B00B53999 /* Main.storyboard in Resources */ = {isa = PBXBuildFile; fileRef = 11241657275F1C9B00B53999 /* Main.storyboard */; };
		1124165B275F1C9D00B53999 /* Assets.xcassets in Resources */ = {isa = PBXBuildFile; fileRef = 1124165A275F1C9D00B53999 /* Assets.xcassets */; };
		1124165E275F1C9D00B53999 /* LaunchScreen.storyboard in Resources */ = {isa = PBXBuildFile; fileRef = 1124165C275F1C9D00B53999 /* LaunchScreen.storyboard */; };
		11241669275F1C9D00B53999 /* Pressure___Tests.swift in Sources */ = {isa = PBXBuildFile; fileRef = 11241668275F1C9D00B53999 /* Pressure___Tests.swift */; };
		11241673275F1C9D00B53999 /* Pressure___UITests.swift in Sources */ = {isa = PBXBuildFile; fileRef = 11241672275F1C9D00B53999 /* Pressure___UITests.swift */; };
		11241675275F1C9D00B53999 /* Pressure___UITestsLaunchTests.swift in Sources */ = {isa = PBXBuildFile; fileRef = 11241674275F1C9D00B53999 /* Pressure___UITestsLaunchTests.swift */; };
		11241687275F1CCB00B53999 /* Localizable.strings in Resources */ = {isa = PBXBuildFile; fileRef = 11241689275F1CCB00B53999 /* Localizable.strings */; };
		1124168F275F3B9600B53999 /* BundleExtension.swift in Sources */ = {isa = PBXBuildFile; fileRef = 1124168C275F35A100B53999 /* BundleExtension.swift */; };
/* End PBXBuildFile section */

/* Begin PBXContainerItemProxy section */
		11241665275F1C9D00B53999 /* PBXContainerItemProxy */ = {
			isa = PBXContainerItemProxy;
			containerPortal = 11241646275F1C9B00B53999 /* Project object */;
			proxyType = 1;
			remoteGlobalIDString = 1124164D275F1C9B00B53999;
			remoteInfo = "Pressure ..";
		};
		1124166F275F1C9D00B53999 /* PBXContainerItemProxy */ = {
			isa = PBXContainerItemProxy;
			containerPortal = 11241646275F1C9B00B53999 /* Project object */;
			proxyType = 1;
			remoteGlobalIDString = 1124164D275F1C9B00B53999;
			remoteInfo = "Pressure ..";
		};
/* End PBXContainerItemProxy section */

/* Begin PBXFileReference section */
		1124164E275F1C9B00B53999 /* Pressure ...app */ = {isa = PBXFileReference; explicitFileType = wrapper.application; includeInIndex = 0; path = "Pressure ...app"; sourceTree = BUILT_PRODUCTS_DIR; };
		11241651275F1C9B00B53999 /* AppDelegate.swift */ = {isa = PBXFileReference; lastKnownFileType = sourcecode.swift; path = AppDelegate.swift; sourceTree = "<group>"; };
		11241653275F1C9B00B53999 /* SceneDelegate.swift */ = {isa = PBXFileReference; lastKnownFileType = sourcecode.swift; path = SceneDelegate.swift; sourceTree = "<group>"; };
		11241655275F1C9B00B53999 /* ViewController.swift */ = {isa = PBXFileReference; lastKnownFileType = sourcecode.swift; path = ViewController.swift; sourceTree = "<group>"; };
		11241658275F1C9B00B53999 /* Base */ = {isa = PBXFileReference; lastKnownFileType = file.storyboard; name = Base; path = Base.lproj/Main.storyboard; sourceTree = "<group>"; };
		1124165A275F1C9D00B53999 /* Assets.xcassets */ = {isa = PBXFileReference; lastKnownFileType = folder.assetcatalog; path = Assets.xcassets; sourceTree = "<group>"; };
		1124165D275F1C9D00B53999 /* Base */ = {isa = PBXFileReference; lastKnownFileType = file.storyboard; name = Base; path = Base.lproj/LaunchScreen.storyboard; sourceTree = "<group>"; };
		1124165F275F1C9D00B53999 /* Info.plist */ = {isa = PBXFileReference; lastKnownFileType = text.plist.xml; path = Info.plist; sourceTree = "<group>"; };
		11241664275F1C9D00B53999 /* Pressure ..Tests.xctest */ = {isa = PBXFileReference; explicitFileType = wrapper.cfbundle; includeInIndex = 0; path = "Pressure ..Tests.xctest"; sourceTree = BUILT_PRODUCTS_DIR; };
		11241668275F1C9D00B53999 /* Pressure___Tests.swift */ = {isa = PBXFileReference; lastKnownFileType = sourcecode.swift; path = "Pressure___Tests.swift"; sourceTree = "<group>"; };
		1124166E275F1C9D00B53999 /* Pressure ..UITests.xctest */ = {isa = PBXFileReference; explicitFileType = wrapper.cfbundle; includeInIndex = 0; path = "Pressure ..UITests.xctest"; sourceTree = BUILT_PRODUCTS_DIR; };
		11241672275F1C9D00B53999 /* Pressure___UITests.swift */ = {isa = PBXFileReference; lastKnownFileType = sourcecode.swift; path = "Pressure___UITests.swift"; sourceTree = "<group>"; };
		11241674275F1C9D00B53999 /* Pressure___UITestsLaunchTests.swift */ = {isa = PBXFileReference; lastKnownFileType = sourcecode.swift; path = "Pressure___UITestsLaunchTests.swift"; sourceTree = "<group>"; };
		11241681275F1CA700B53999 /* ar */ = {isa = PBXFileReference; lastKnownFileType = text.plist.strings; name = ar; path = ar.lproj/Main.strings; sourceTree = "<group>"; };
		11241682275F1CA700B53999 /* ar */ = {isa = PBXFileReference; lastKnownFileType = text.plist.strings; name = ar; path = ar.lproj/LaunchScreen.strings; sourceTree = "<group>"; };
		11241683275F1CB200B53999 /* fr */ = {isa = PBXFileReference; lastKnownFileType = text.plist.strings; name = fr; path = fr.lproj/Main.strings; sourceTree = "<group>"; };
		11241684275F1CB200B53999 /* fr */ = {isa = PBXFileReference; lastKnownFileType = text.plist.strings; name = fr; path = fr.lproj/LaunchScreen.strings; sourceTree = "<group>"; };
		11241688275F1CCB00B53999 /* en */ = {isa = PBXFileReference; lastKnownFileType = text.plist.strings; name = en; path = en.lproj/Localizable.strings; sourceTree = "<group>"; };
		1124168A275F1CD300B53999 /* ar */ = {isa = PBXFileReference; lastKnownFileType = text.plist.strings; name = ar; path = ar.lproj/Localizable.strings; sourceTree = "<group>"; };
		1124168C275F35A100B53999 /* BundleExtension.swift */ = {isa = PBXFileReference; lastKnownFileType = sourcecode.swift; path = BundleExtension.swift; sourceTree = "<group>"; };
		11C711B6275FBB4B0074A414 /* fr */ = {isa = PBXFileReference; lastKnownFileType = text.plist.strings; name = fr; path = fr.lproj/Localizable.strings; sourceTree = "<group>"; };
/* End PBXFileReference section */

/* Begin PBXFrameworksBuildPhase section */
		1124164B275F1C9B00B53999 /* Frameworks */ = {
			isa = PBXFrameworksBuildPhase;
			buildActionMask = 2147483647;
			files = (
			);
			runOnlyForDeploymentPostprocessing = 0;
		};
		11241661275F1C9D00B53999 /* Frameworks */ = {
			isa = PBXFrameworksBuildPhase;
			buildActionMask = 2147483647;
			files = (
			);
			runOnlyForDeploymentPostprocessing = 0;
		};
		1124166B275F1C9D00B53999 /* Frameworks */ = {
			isa = PBXFrameworksBuildPhase;
			buildActionMask = 2147483647;
			files = (
			);
			runOnlyForDeploymentPostprocessing = 0;
		};
/* End PBXFrameworksBuildPhase section */

/* Begin PBXGroup section */
		11241645275F1C9B00B53999 = {
			isa = PBXGroup;
			children = (
				11241650275F1C9B00B53999 /* Pressure .. */,
				11241667275F1C9D00B53999 /* Pressure ..Tests */,
				11241671275F1C9D00B53999 /* Pressure ..UITests */,
				1124164F275F1C9B00B53999 /* Products */,
			);
			sourceTree = "<group>";
		};
		1124164F275F1C9B00B53999 /* Products */ = {
			isa = PBXGroup;
			children = (
				1124164E275F1C9B00B53999 /* Pressure ...app */,
				11241664275F1C9D00B53999 /* Pressure ..Tests.xctest */,
				1124166E275F1C9D00B53999 /* Pressure ..UITests.xctest */,
			);
			name = Products;
			sourceTree = "<group>";
		};
		11241650275F1C9B00B53999 /* Pressure .. */ = {
			isa = PBXGroup;
			children = (
				11241651275F1C9B00B53999 /* AppDelegate.swift */,
				11241653275F1C9B00B53999 /* SceneDelegate.swift */,
				11241655275F1C9B00B53999 /* ViewController.swift */,
				11241657275F1C9B00B53999 /* Main.storyboard */,
				1124165A275F1C9D00B53999 /* Assets.xcassets */,
				1124165C275F1C9D00B53999 /* LaunchScreen.storyboard */,
				1124165F275F1C9D00B53999 /* Info.plist */,
				11241689275F1CCB00B53999 /* Localizable.strings */,
				1124168C275F35A100B53999 /* BundleExtension.swift */,
			);
			path = "Pressure ..";
			sourceTree = "<group>";
		};
		11241667275F1C9D00B53999 /* Pressure ..Tests */ = {
			isa = PBXGroup;
			children = (
				11241668275F1C9D00B53999 /* Pressure___Tests.swift */,
			);
			path = "Pressure ..Tests";
			sourceTree = "<group>";
		};
		11241671275F1C9D00B53999 /* Pressure ..UITests */ = {
			isa = PBXGroup;
			children = (
				11241672275F1C9D00B53999 /* Pressure___UITests.swift */,
				11241674275F1C9D00B53999 /* Pressure___UITestsLaunchTests.swift */,
			);
			path = "Pressure ..UITests";
			sourceTree = "<group>";
		};
/* End PBXGroup section */

/* Begin PBXNativeTarget section */
		1124164D275F1C9B00B53999 /* Pressure .. */ = {
			isa = PBXNativeTarget;
			buildConfigurationList = 11241678275F1C9D00B53999 /* Build configuration list for PBXNativeTarget "Pressure .." */;
			buildPhases = (
				1124164A275F1C9B00B53999 /* Sources */,
				1124164B275F1C9B00B53999 /* Frameworks */,
				1124164C275F1C9B00B53999 /* Resources */,
			);
			buildRules = (
			);
			dependencies = (
			);
			name = "Pressure ..";
			productName = "Pressure ..";
			productReference = 1124164E275F1C9B00B53999 /* Pressure ...app */;
			productType = "com.apple.product-type.application";
		};
		11241663275F1C9D00B53999 /* Pressure ..Tests */ = {
			isa = PBXNativeTarget;
			buildConfigurationList = 1124167B275F1C9D00B53999 /* Build configuration list for PBXNativeTarget "Pressure ..Tests" */;
			buildPhases = (
				11241660275F1C9D00B53999 /* Sources */,
				11241661275F1C9D00B53999 /* Frameworks */,
				11241662275F1C9D00B53999 /* Resources */,
			);
			buildRules = (
			);
			dependencies = (
				11241666275F1C9D00B53999 /* PBXTargetDependency */,
			);
			name = "Pressure ..Tests";
			productName = "Pressure ..Tests";
			productReference = 11241664275F1C9D00B53999 /* Pressure ..Tests.xctest */;
			productType = "com.apple.product-type.bundle.unit-test";
		};
		1124166D275F1C9D00B53999 /* Pressure ..UITests */ = {
			isa = PBXNativeTarget;
			buildConfigurationList = 1124167E275F1C9D00B53999 /* Build configuration list for PBXNativeTarget "Pressure ..UITests" */;
			buildPhases = (
				1124166A275F1C9D00B53999 /* Sources */,
				1124166B275F1C9D00B53999 /* Frameworks */,
				1124166C275F1C9D00B53999 /* Resources */,
			);
			buildRules = (
			);
			dependencies = (
				11241670275F1C9D00B53999 /* PBXTargetDependency */,
			);
			name = "Pressure ..UITests";
			productName = "Pressure ..UITests";
			productReference = 1124166E275F1C9D00B53999 /* Pressure ..UITests.xctest */;
			productType = "com.apple.product-type.bundle.ui-testing";
		};
/* End PBXNativeTarget section */

/* Begin PBXProject section */
		11241646275F1C9B00B53999 /* Project object */ = {
			isa = PBXProject;
			attributes = {
				BuildIndependentTargetsInParallel = 1;
				LastSwiftUpdateCheck = 1300;
				LastUpgradeCheck = 1300;
				TargetAttributes = {
					1124164D275F1C9B00B53999 = {
						CreatedOnToolsVersion = 13.0;
					};
					11241663275F1C9D00B53999 = {
						CreatedOnToolsVersion = 13.0;
						TestTargetID = 1124164D275F1C9B00B53999;
					};
					1124166D275F1C9D00B53999 = {
						CreatedOnToolsVersion = 13.0;
						TestTargetID = 1124164D275F1C9B00B53999;
					};
				};
			};
			buildConfigurationList = 11241649275F1C9B00B53999 /* Build configuration list for PBXProject "Pressure .." */;
			compatibilityVersion = "Xcode 13.0";
			developmentRegion = en;
			hasScannedForEncodings = 0;
			knownRegions = (
				en,
				Base,
				ar,
				fr,
			);
			mainGroup = 11241645275F1C9B00B53999;
			productRefGroup = 1124164F275F1C9B00B53999 /* Products */;
			projectDirPath = "";
			projectRoot = "";
			targets = (
				1124164D275F1C9B00B53999 /* Pressure .. */,
				11241663275F1C9D00B53999 /* Pressure ..Tests */,
				1124166D275F1C9D00B53999 /* Pressure ..UITests */,
			);
		};
/* End PBXProject section */

/* Begin PBXResourcesBuildPhase section */
		1124164C275F1C9B00B53999 /* Resources */ = {
			isa = PBXResourcesBuildPhase;
			buildActionMask = 2147483647;
			files = (
				11241687275F1CCB00B53999 /* Localizable.strings in Resources */,
				1124165E275F1C9D00B53999 /* LaunchScreen.storyboard in Resources */,
				1124165B275F1C9D00B53999 /* Assets.xcassets in Resources */,
				11241659275F1C9B00B53999 /* Main.storyboard in Resources */,
			);
			runOnlyForDeploymentPostprocessing = 0;
		};
		11241662275F1C9D00B53999 /* Resources */ = {
			isa = PBXResourcesBuildPhase;
			buildActionMask = 2147483647;
			files = (
			);
			runOnlyForDeploymentPostprocessing = 0;
		};
		1124166C275F1C9D00B53999 /* Resources */ = {
			isa = PBXResourcesBuildPhase;
			buildActionMask = 2147483647;
			files = (
			);
			runOnlyForDeploymentPostprocessing = 0;
		};
/* End PBXResourcesBuildPhase section */

/* Begin PBXSourcesBuildPhase section */
		1124164A275F1C9B00B53999 /* Sources */ = {
			isa = PBXSourcesBuildPhase;
			buildActionMask = 2147483647;
			files = (
				11241656275F1C9B00B53999 /* ViewController.swift in Sources */,
				11241652275F1C9B00B53999 /* AppDelegate.swift in Sources */,
				11241654275F1C9B00B53999 /* SceneDelegate.swift in Sources */,
				1124168F275F3B9600B53999 /* BundleExtension.swift in Sources */,
			);
			runOnlyForDeploymentPostprocessing = 0;
		};
		11241660275F1C9D00B53999 /* Sources */ = {
			isa = PBXSourcesBuildPhase;
			buildActionMask = 2147483647;
			files = (
				11241669275F1C9D00B53999 /* Pressure___Tests.swift in Sources */,
			);
			runOnlyForDeploymentPostprocessing = 0;
		};
		1124166A275F1C9D00B53999 /* Sources */ = {
			isa = PBXSourcesBuildPhase;
			buildActionMask = 2147483647;
			files = (
				11241673275F1C9D00B53999 /* Pressure___UITests.swift in Sources */,
				11241675275F1C9D00B53999 /* Pressure___UITestsLaunchTests.swift in Sources */,
			);
			runOnlyForDeploymentPostprocessing = 0;
		};
/* End PBXSourcesBuildPhase section */

/* Begin PBXTargetDependency section */
		11241666275F1C9D00B53999 /* PBXTargetDependency */ = {
			isa = PBXTargetDependency;
			target = 1124164D275F1C9B00B53999 /* Pressure .. */;
			targetProxy = 11241665275F1C9D00B53999 /* PBXContainerItemProxy */;
		};
		11241670275F1C9D00B53999 /* PBXTargetDependency */ = {
			isa = PBXTargetDependency;
			target = 1124164D275F1C9B00B53999 /* Pressure .. */;
			targetProxy = 1124166F275F1C9D00B53999 /* PBXContainerItemProxy */;
		};
/* End PBXTargetDependency section */

/* Begin PBXVariantGroup section */
		11241657275F1C9B00B53999 /* Main.storyboard */ = {
			isa = PBXVariantGroup;
			children = (
				11241658275F1C9B00B53999 /* Base */,
				11241681275F1CA700B53999 /* ar */,
				11241683275F1CB200B53999 /* fr */,
			);
			name = Main.storyboard;
			sourceTree = "<group>";
		};
		1124165C275F1C9D00B53999 /* LaunchScreen.storyboard */ = {
			isa = PBXVariantGroup;
			children = (
				1124165D275F1C9D00B53999 /* Base */,
				11241682275F1CA700B53999 /* ar */,
				11241684275F1CB200B53999 /* fr */,
			);
			name = LaunchScreen.storyboard;
			sourceTree = "<group>";
		};
		11241689275F1CCB00B53999 /* Localizable.strings */ = {
			isa = PBXVariantGroup;
			children = (
				11241688275F1CCB00B53999 /* en */,
				1124168A275F1CD300B53999 /* ar */,
				11C711B6275FBB4B0074A414 /* fr */,
			);
			name = Localizable.strings;
			sourceTree = "<group>";
		};
/* End PBXVariantGroup section */

/* Begin XCBuildConfiguration section */
		11241676275F1C9D00B53999 /* Debug */ = {
			isa = XCBuildConfiguration;
			buildSettings = {
				ALWAYS_SEARCH_USER_PATHS = NO;
				CLANG_ANALYZER_LOCALIZABILITY_NONLOCALIZED = YES;
				CLANG_ANALYZER_NONNULL = YES;
				CLANG_ANALYZER_NUMBER_OBJECT_CONVERSION = YES_AGGRESSIVE;
				CLANG_CXX_LANGUAGE_STANDARD = "gnu++17";
				CLANG_CXX_LIBRARY = "libc++";
				CLANG_ENABLE_MODULES = YES;
				CLANG_ENABLE_OBJC_ARC = YES;
				CLANG_ENABLE_OBJC_WEAK = YES;
				CLANG_WARN_BLOCK_CAPTURE_AUTORELEASING = YES;
				CLANG_WARN_BOOL_CONVERSION = YES;
				CLANG_WARN_COMMA = YES;
				CLANG_WARN_CONSTANT_CONVERSION = YES;
				CLANG_WARN_DEPRECATED_OBJC_IMPLEMENTATIONS = YES;
				CLANG_WARN_DIRECT_OBJC_ISA_USAGE = YES_ERROR;
				CLANG_WARN_DOCUMENTATION_COMMENTS = YES;
				CLANG_WARN_EMPTY_BODY = YES;
				CLANG_WARN_ENUM_CONVERSION = YES;
				CLANG_WARN_INFINITE_RECURSION = YES;
				CLANG_WARN_INT_CONVERSION = YES;
				CLANG_WARN_NON_LITERAL_NULL_CONVERSION = YES;
				CLANG_WARN_OBJC_IMPLICIT_RETAIN_SELF = YES;
				CLANG_WARN_OBJC_LITERAL_CONVERSION = YES;
				CLANG_WARN_OBJC_ROOT_CLASS = YES_ERROR;
				CLANG_WARN_QUOTED_INCLUDE_IN_FRAMEWORK_HEADER = YES;
				CLANG_WARN_RANGE_LOOP_ANALYSIS = YES;
				CLANG_WARN_STRICT_PROTOTYPES = YES;
				CLANG_WARN_SUSPICIOUS_MOVE = YES;
				CLANG_WARN_UNGUARDED_AVAILABILITY = YES_AGGRESSIVE;
				CLANG_WARN_UNREACHABLE_CODE = YES;
				CLANG_WARN__DUPLICATE_METHOD_MATCH = YES;
				COPY_PHASE_STRIP = NO;
				DEBUG_INFORMATION_FORMAT = dwarf;
				ENABLE_STRICT_OBJC_MSGSEND = YES;
				ENABLE_TESTABILITY = YES;
				GCC_C_LANGUAGE_STANDARD = gnu11;
				GCC_DYNAMIC_NO_PIC = NO;
				GCC_NO_COMMON_BLOCKS = YES;
				GCC_OPTIMIZATION_LEVEL = 0;
				GCC_PREPROCESSOR_DEFINITIONS = (
					"DEBUG=1",
					"$(inherited)",
				);
				GCC_WARN_64_TO_32_BIT_CONVERSION = YES;
				GCC_WARN_ABOUT_RETURN_TYPE = YES_ERROR;
				GCC_WARN_UNDECLARED_SELECTOR = YES;
				GCC_WARN_UNINITIALIZED_AUTOS = YES_AGGRESSIVE;
				GCC_WARN_UNUSED_FUNCTION = YES;
				GCC_WARN_UNUSED_VARIABLE = YES;
				IPHONEOS_DEPLOYMENT_TARGET = 15.0;
				MTL_ENABLE_DEBUG_INFO = INCLUDE_SOURCE;
				MTL_FAST_MATH = YES;
				ONLY_ACTIVE_ARCH = YES;
				SDKROOT = iphoneos;
				SWIFT_ACTIVE_COMPILATION_CONDITIONS = DEBUG;
				SWIFT_OPTIMIZATION_LEVEL = "-Onone";
			};
			name = Debug;
		};
		11241677275F1C9D00B53999 /* Release */ = {
			isa = XCBuildConfiguration;
			buildSettings = {
				ALWAYS_SEARCH_USER_PATHS = NO;
				CLANG_ANALYZER_LOCALIZABILITY_NONLOCALIZED = YES;
				CLANG_ANALYZER_NONNULL = YES;
				CLANG_ANALYZER_NUMBER_OBJECT_CONVERSION = YES_AGGRESSIVE;
				CLANG_CXX_LANGUAGE_STANDARD = "gnu++17";
				CLANG_CXX_LIBRARY = "libc++";
				CLANG_ENABLE_MODULES = YES;
				CLANG_ENABLE_OBJC_ARC = YES;
				CLANG_ENABLE_OBJC_WEAK = YES;
				CLANG_WARN_BLOCK_CAPTURE_AUTORELEASING = YES;
				CLANG_WARN_BOOL_CONVERSION = YES;
				CLANG_WARN_COMMA = YES;
				CLANG_WARN_CONSTANT_CONVERSION = YES;
				CLANG_WARN_DEPRECATED_OBJC_IMPLEMENTATIONS = YES;
				CLANG_WARN_DIRECT_OBJC_ISA_USAGE = YES_ERROR;
				CLANG_WARN_DOCUMENTATION_COMMENTS = YES;
				CLANG_WARN_EMPTY_BODY = YES;
				CLANG_WARN_ENUM_CONVERSION = YES;
				CLANG_WARN_INFINITE_RECURSION = YES;
				CLANG_WARN_INT_CONVERSION = YES;
				CLANG_WARN_NON_LITERAL_NULL_CONVERSION = YES;
				CLANG_WARN_OBJC_IMPLICIT_RETAIN_SELF = YES;
				CLANG_WARN_OBJC_LITERAL_CONVERSION = YES;
				CLANG_WARN_OBJC_ROOT_CLASS = YES_ERROR;
				CLANG_WARN_QUOTED_INCLUDE_IN_FRAMEWORK_HEADER = YES;
				CLANG_WARN_RANGE_LOOP_ANALYSIS = YES;
				CLANG_WARN_STRICT_PROTOTYPES = YES;
				CLANG_WARN_SUSPICIOUS_MOVE = YES;
				CLANG_WARN_UNGUARDED_AVAILABILITY = YES_AGGRESSIVE;
				CLANG_WARN_UNREACHABLE_CODE = YES;
				CLANG_WARN__DUPLICATE_METHOD_MATCH = YES;
				COPY_PHASE_STRIP = NO;
				DEBUG_INFORMATION_FORMAT = "dwarf-with-dsym";
				ENABLE_NS_ASSERTIONS = NO;
				ENABLE_STRICT_OBJC_MSGSEND = YES;
				GCC_C_LANGUAGE_STANDARD = gnu11;
				GCC_NO_COMMON_BLOCKS = YES;
				GCC_WARN_64_TO_32_BIT_CONVERSION = YES;
				GCC_WARN_ABOUT_RETURN_TYPE = YES_ERROR;
				GCC_WARN_UNDECLARED_SELECTOR = YES;
				GCC_WARN_UNINITIALIZED_AUTOS = YES_AGGRESSIVE;
				GCC_WARN_UNUSED_FUNCTION = YES;
				GCC_WARN_UNUSED_VARIABLE = YES;
				IPHONEOS_DEPLOYMENT_TARGET = 15.0;
				MTL_ENABLE_DEBUG_INFO = NO;
				MTL_FAST_MATH = YES;
				SDKROOT = iphoneos;
				SWIFT_COMPILATION_MODE = wholemodule;
				SWIFT_OPTIMIZATION_LEVEL = "-O";
				VALIDATE_PRODUCT = YES;
			};
			name = Release;
		};
		11241679275F1C9D00B53999 /* Debug */ = {
			isa = XCBuildConfiguration;
			buildSettings = {
				ASSETCATALOG_COMPILER_APPICON_NAME = AppIcon;
				ASSETCATALOG_COMPILER_GLOBAL_ACCENT_COLOR_NAME = AccentColor;
				CODE_SIGN_STYLE = Automatic;
				CURRENT_PROJECT_VERSION = 1;
				DEVELOPMENT_TEAM = ULBSA6XW4A;
				GENERATE_INFOPLIST_FILE = YES;
				INFOPLIST_FILE = "Pressure ../Info.plist";
				INFOPLIST_KEY_UIApplicationSupportsIndirectInputEvents = YES;
				INFOPLIST_KEY_UILaunchStoryboardName = LaunchScreen;
				INFOPLIST_KEY_UIMainStoryboardFile = Main;
				INFOPLIST_KEY_UISupportedInterfaceOrientations_iPad = "UIInterfaceOrientationPortrait UIInterfaceOrientationPortraitUpsideDown UIInterfaceOrientationLandscapeLeft UIInterfaceOrientationLandscapeRight";
				INFOPLIST_KEY_UISupportedInterfaceOrientations_iPhone = "UIInterfaceOrientationPortrait UIInterfaceOrientationLandscapeLeft UIInterfaceOrientationLandscapeRight";
				LD_RUNPATH_SEARCH_PATHS = (
					"$(inherited)",
					"@executable_path/Frameworks",
				);
				MARKETING_VERSION = 1.0;
				PRODUCT_BUNDLE_IDENTIFIER = "layla.Pressure---";
				PRODUCT_NAME = "$(TARGET_NAME)";
				SWIFT_EMIT_LOC_STRINGS = YES;
				SWIFT_VERSION = 5.0;
				TARGETED_DEVICE_FAMILY = "1,2";
			};
			name = Debug;
		};
		1124167A275F1C9D00B53999 /* Release */ = {
			isa = XCBuildConfiguration;
			buildSettings = {
				ASSETCATALOG_COMPILER_APPICON_NAME = AppIcon;
				ASSETCATALOG_COMPILER_GLOBAL_ACCENT_COLOR_NAME = AccentColor;
				CODE_SIGN_STYLE = Automatic;
				CURRENT_PROJECT_VERSION = 1;
				DEVELOPMENT_TEAM = ULBSA6XW4A;
				GENERATE_INFOPLIST_FILE = YES;
				INFOPLIST_FILE = "Pressure ../Info.plist";
				INFOPLIST_KEY_UIApplicationSupportsIndirectInputEvents = YES;
				INFOPLIST_KEY_UILaunchStoryboardName = LaunchScreen;
				INFOPLIST_KEY_UIMainStoryboardFile = Main;
				INFOPLIST_KEY_UISupportedInterfaceOrientations_iPad = "UIInterfaceOrientationPortrait UIInterfaceOrientationPortraitUpsideDown UIInterfaceOrientationLandscapeLeft UIInterfaceOrientationLandscapeRight";
				INFOPLIST_KEY_UISupportedInterfaceOrientations_iPhone = "UIInterfaceOrientationPortrait UIInterfaceOrientationLandscapeLeft UIInterfaceOrientationLandscapeRight";
				LD_RUNPATH_SEARCH_PATHS = (
					"$(inherited)",
					"@executable_path/Frameworks",
				);
				MARKETING_VERSION = 1.0;
				PRODUCT_BUNDLE_IDENTIFIER = "layla.Pressure---";
				PRODUCT_NAME = "$(TARGET_NAME)";
				SWIFT_EMIT_LOC_STRINGS = YES;
				SWIFT_VERSION = 5.0;
				TARGETED_DEVICE_FAMILY = "1,2";
			};
			name = Release;
		};
		1124167C275F1C9D00B53999 /* Debug */ = {
			isa = XCBuildConfiguration;
			buildSettings = {
				ALWAYS_EMBED_SWIFT_STANDARD_LIBRARIES = YES;
				BUNDLE_LOADER = "$(TEST_HOST)";
				CODE_SIGN_STYLE = Automatic;
				CURRENT_PROJECT_VERSION = 1;
				DEVELOPMENT_TEAM = ULBSA6XW4A;
				GENERATE_INFOPLIST_FILE = YES;
				IPHONEOS_DEPLOYMENT_TARGET = 15.0;
				LD_RUNPATH_SEARCH_PATHS = (
					"$(inherited)",
					"@executable_path/Frameworks",
					"@loader_path/Frameworks",
				);
				MARKETING_VERSION = 1.0;
				PRODUCT_BUNDLE_IDENTIFIER = "layla.Pressure---Tests";
				PRODUCT_NAME = "$(TARGET_NAME)";
				SWIFT_EMIT_LOC_STRINGS = NO;
				SWIFT_VERSION = 5.0;
				TARGETED_DEVICE_FAMILY = "1,2";
				TEST_HOST = "$(BUILT_PRODUCTS_DIR)/Pressure ...app/Pressure ..";
			};
			name = Debug;
		};
		1124167D275F1C9D00B53999 /* Release */ = {
			isa = XCBuildConfiguration;
			buildSettings = {
				ALWAYS_EMBED_SWIFT_STANDARD_LIBRARIES = YES;
				BUNDLE_LOADER = "$(TEST_HOST)";
				CODE_SIGN_STYLE = Automatic;
				CURRENT_PROJECT_VERSION = 1;
				DEVELOPMENT_TEAM = ULBSA6XW4A;
				GENERATE_INFOPLIST_FILE = YES;
				IPHONEOS_DEPLOYMENT_TARGET = 15.0;
				LD_RUNPATH_SEARCH_PATHS = (
					"$(inherited)",
					"@executable_path/Frameworks",
					"@loader_path/Frameworks",
				);
				MARKETING_VERSION = 1.0;
				PRODUCT_BUNDLE_IDENTIFIER = "layla.Pressure---Tests";
				PRODUCT_NAME = "$(TARGET_NAME)";
				SWIFT_EMIT_LOC_STRINGS = NO;
				SWIFT_VERSION = 5.0;
				TARGETED_DEVICE_FAMILY = "1,2";
				TEST_HOST = "$(BUILT_PRODUCTS_DIR)/Pressure ...app/Pressure ..";
			};
			name = Release;
		};
		1124167F275F1C9D00B53999 /* Debug */ = {
			isa = XCBuildConfiguration;
			buildSettings = {
				ALWAYS_EMBED_SWIFT_STANDARD_LIBRARIES = YES;
				CODE_SIGN_STYLE = Automatic;
				CURRENT_PROJECT_VERSION = 1;
				DEVELOPMENT_TEAM = ULBSA6XW4A;
				GENERATE_INFOPLIST_FILE = YES;
				LD_RUNPATH_SEARCH_PATHS = (
					"$(inherited)",
					"@executable_path/Frameworks",
					"@loader_path/Frameworks",
				);
				MARKETING_VERSION = 1.0;
				PRODUCT_BUNDLE_IDENTIFIER = "layla.Pressure---UITests";
				PRODUCT_NAME = "$(TARGET_NAME)";
				SWIFT_EMIT_LOC_STRINGS = NO;
				SWIFT_VERSION = 5.0;
				TARGETED_DEVICE_FAMILY = "1,2";
				TEST_TARGET_NAME = "Pressure ..";
			};
			name = Debug;
		};
		11241680275F1C9D00B53999 /* Release */ = {
			isa = XCBuildConfiguration;
			buildSettings = {
				ALWAYS_EMBED_SWIFT_STANDARD_LIBRARIES = YES;
				CODE_SIGN_STYLE = Automatic;
				CURRENT_PROJECT_VERSION = 1;
				DEVELOPMENT_TEAM = ULBSA6XW4A;
				GENERATE_INFOPLIST_FILE = YES;
				LD_RUNPATH_SEARCH_PATHS = (
					"$(inherited)",
					"@executable_path/Frameworks",
					"@loader_path/Frameworks",
				);
				MARKETING_VERSION = 1.0;
				PRODUCT_BUNDLE_IDENTIFIER = "layla.Pressure---UITests";
				PRODUCT_NAME = "$(TARGET_NAME)";
				SWIFT_EMIT_LOC_STRINGS = NO;
				SWIFT_VERSION = 5.0;
				TARGETED_DEVICE_FAMILY = "1,2";
				TEST_TARGET_NAME = "Pressure ..";
			};
			name = Release;
		};
/* End XCBuildConfiguration section */

/* Begin XCConfigurationList section */
		11241649275F1C9B00B53999 /* Build configuration list for PBXProject "Pressure .." */ = {
			isa = XCConfigurationList;
			buildConfigurations = (
				11241676275F1C9D00B53999 /* Debug */,
				11241677275F1C9D00B53999 /* Release */,
			);
			defaultConfigurationIsVisible = 0;
			defaultConfigurationName = Release;
		};
		11241678275F1C9D00B53999 /* Build configuration list for PBXNativeTarget "Pressure .." */ = {
			isa = XCConfigurationList;
			buildConfigurations = (
				11241679275F1C9D00B53999 /* Debug */,
				1124167A275F1C9D00B53999 /* Release */,
			);
			defaultConfigurationIsVisible = 0;
			defaultConfigurationName = Release;
		};
		1124167B275F1C9D00B53999 /* Build configuration list for PBXNativeTarget "Pressure ..Tests" */ = {
			isa = XCConfigurationList;
			buildConfigurations = (
				1124167C275F1C9D00B53999 /* Debug */,
				1124167D275F1C9D00B53999 /* Release */,
			);
			defaultConfigurationIsVisible = 0;
			defaultConfigurationName = Release;
		};
		1124167E275F1C9D00B53999 /* Build configuration list for PBXNativeTarget "Pressure ..UITests" */ = {
			isa = XCConfigurationList;
			buildConfigurations = (
				1124167F275F1C9D00B53999 /* Debug */,
				11241680275F1C9D00B53999 /* Release */,
			);
			defaultConfigurationIsVisible = 0;
			defaultConfigurationName = Release;
		};
/* End XCConfigurationList section */
	};
	rootObject = 11241646275F1C9B00B53999 /* Project object */;
}
