// !$*UTF8*$!
{
	archiveVersion = 1;
	classes = {
	};
	objectVersion = 55;
	objects = {

/* Begin PBXBuildFile section */
		0395E557276087CB005D0F06 /* BundleExtention.swift in Sources */ = {isa = PBXBuildFile; fileRef = 0395E556276087CB005D0F06 /* BundleExtention.swift */; };
		03CD1CCA275F35A000FD44BC /* AppDelegate.swift in Sources */ = {isa = PBXBuildFile; fileRef = 03CD1CC9275F35A000FD44BC /* AppDelegate.swift */; };
		03CD1CCC275F35A000FD44BC /* SceneDelegate.swift in Sources */ = {isa = PBXBuildFile; fileRef = 03CD1CCB275F35A000FD44BC /* SceneDelegate.swift */; };
		03CD1CCE275F35A000FD44BC /* ViewController.swift in Sources */ = {isa = PBXBuildFile; fileRef = 03CD1CCD275F35A000FD44BC /* ViewController.swift */; };
		03CD1CD1275F35A000FD44BC /* Main.storyboard in Resources */ = {isa = PBXBuildFile; fileRef = 03CD1CCF275F35A000FD44BC /* Main.storyboard */; };
		03CD1CD3275F35A100FD44BC /* Assets.xcassets in Resources */ = {isa = PBXBuildFile; fileRef = 03CD1CD2275F35A100FD44BC /* Assets.xcassets */; };
		03CD1CD6275F35A100FD44BC /* LaunchScreen.storyboard in Resources */ = {isa = PBXBuildFile; fileRef = 03CD1CD4275F35A100FD44BC /* LaunchScreen.storyboard */; };
		03CD1CE3275F3BA900FD44BC /* localizebl.strings in Resources */ = {isa = PBXBuildFile; fileRef = 03CD1CE5275F3BA900FD44BC /* localizebl.strings */; };
/* End PBXBuildFile section */

/* Begin PBXFileReference section */
		0395E5532760873E005D0F06 /* fr */ = {isa = PBXFileReference; lastKnownFileType = text.plist.strings; name = fr; path = fr.lproj/Main.strings; sourceTree = "<group>"; };
		0395E5542760873E005D0F06 /* fr */ = {isa = PBXFileReference; lastKnownFileType = text.plist.strings; name = fr; path = fr.lproj/LaunchScreen.strings; sourceTree = "<group>"; };
		0395E5552760873F005D0F06 /* fr */ = {isa = PBXFileReference; lastKnownFileType = text.plist.strings; name = fr; path = fr.lproj/localizebl.strings; sourceTree = "<group>"; };
		0395E556276087CB005D0F06 /* BundleExtention.swift */ = {isa = PBXFileReference; lastKnownFileType = sourcecode.swift; path = BundleExtention.swift; sourceTree = "<group>"; };
		03CD1CC6275F35A000FD44BC /* BMI.app */ = {isa = PBXFileReference; explicitFileType = wrapper.application; includeInIndex = 0; path = BMI.app; sourceTree = BUILT_PRODUCTS_DIR; };
		03CD1CC9275F35A000FD44BC /* AppDelegate.swift */ = {isa = PBXFileReference; lastKnownFileType = sourcecode.swift; path = AppDelegate.swift; sourceTree = "<group>"; };
		03CD1CCB275F35A000FD44BC /* SceneDelegate.swift */ = {isa = PBXFileReference; lastKnownFileType = sourcecode.swift; path = SceneDelegate.swift; sourceTree = "<group>"; };
		03CD1CCD275F35A000FD44BC /* ViewController.swift */ = {isa = PBXFileReference; lastKnownFileType = sourcecode.swift; path = ViewController.swift; sourceTree = "<group>"; };
		03CD1CD0275F35A000FD44BC /* Base */ = {isa = PBXFileReference; lastKnownFileType = file.storyboard; name = Base; path = Base.lproj/Main.storyboard; sourceTree = "<group>"; };
		03CD1CD2275F35A100FD44BC /* Assets.xcassets */ = {isa = PBXFileReference; lastKnownFileType = folder.assetcatalog; path = Assets.xcassets; sourceTree = "<group>"; };
		03CD1CD5275F35A100FD44BC /* Base */ = {isa = PBXFileReference; lastKnownFileType = file.storyboard; name = Base; path = Base.lproj/LaunchScreen.storyboard; sourceTree = "<group>"; };
		03CD1CD7275F35A100FD44BC /* Info.plist */ = {isa = PBXFileReference; lastKnownFileType = text.plist.xml; path = Info.plist; sourceTree = "<group>"; };
		03CD1CDD275F368000FD44BC /* ar */ = {isa = PBXFileReference; lastKnownFileType = text.plist.strings; name = ar; path = ar.lproj/Main.strings; sourceTree = "<group>"; };
		03CD1CDE275F368000FD44BC /* ar */ = {isa = PBXFileReference; lastKnownFileType = text.plist.strings; name = ar; path = ar.lproj/LaunchScreen.strings; sourceTree = "<group>"; };
		03CD1CE0275F36CC00FD44BC /* en */ = {isa = PBXFileReference; lastKnownFileType = text.plist.strings; name = en; path = en.lproj/Main.strings; sourceTree = "<group>"; };
		03CD1CE4275F3BA900FD44BC /* en */ = {isa = PBXFileReference; lastKnownFileType = text.plist.strings; name = en; path = en.lproj/localizebl.strings; sourceTree = "<group>"; };
		03CD1CE6275F3BAA00FD44BC /* ar */ = {isa = PBXFileReference; lastKnownFileType = text.plist.strings; name = ar; path = ar.lproj/localizebl.strings; sourceTree = "<group>"; };
/* End PBXFileReference section */

/* Begin PBXFrameworksBuildPhase section */
		03CD1CC3275F35A000FD44BC /* Frameworks */ = {
			isa = PBXFrameworksBuildPhase;
			buildActionMask = 2147483647;
			files = (
			);
			runOnlyForDeploymentPostprocessing = 0;
		};
/* End PBXFrameworksBuildPhase section */

/* Begin PBXGroup section */
		03483D082760A6B100CF621E /* View */ = {
			isa = PBXGroup;
			children = (
				03CD1CC8275F35A000FD44BC /* BMI */,
			);
			path = View;
			sourceTree = "<group>";
		};
		03483D092760A6D200CF621E /* Model */ = {
			isa = PBXGroup;
			children = (
				0395E556276087CB005D0F06 /* BundleExtention.swift */,
			);
			path = Model;
			sourceTree = "<group>";
		};
		03483D0A2760A70400CF621E /* Controller */ = {
			isa = PBXGroup;
			children = (
				03CD1CCD275F35A000FD44BC /* ViewController.swift */,
				03CD1CCB275F35A000FD44BC /* SceneDelegate.swift */,
				03CD1CC9275F35A000FD44BC /* AppDelegate.swift */,
			);
			path = Controller;
			sourceTree = "<group>";
		};
		03CD1CBD275F35A000FD44BC = {
			isa = PBXGroup;
			children = (
				03483D092760A6D200CF621E /* Model */,
				03483D082760A6B100CF621E /* View */,
				03483D0A2760A70400CF621E /* Controller */,
				03CD1CC7275F35A000FD44BC /* Products */,
			);
			sourceTree = "<group>";
		};
		03CD1CC7275F35A000FD44BC /* Products */ = {
			isa = PBXGroup;
			children = (
				03CD1CC6275F35A000FD44BC /* BMI.app */,
			);
			name = Products;
			sourceTree = "<group>";
		};
		03CD1CC8275F35A000FD44BC /* BMI */ = {
			isa = PBXGroup;
			children = (
				03CD1CE5275F3BA900FD44BC /* localizebl.strings */,
				03CD1CCF275F35A000FD44BC /* Main.storyboard */,
				03CD1CD2275F35A100FD44BC /* Assets.xcassets */,
				03CD1CD4275F35A100FD44BC /* LaunchScreen.storyboard */,
				03CD1CD7275F35A100FD44BC /* Info.plist */,
			);
			path = BMI;
			sourceTree = "<group>";
		};
/* End PBXGroup section */

/* Begin PBXNativeTarget section */
		03CD1CC5275F35A000FD44BC /* BMI */ = {
			isa = PBXNativeTarget;
			buildConfigurationList = 03CD1CDA275F35A100FD44BC /* Build configuration list for PBXNativeTarget "BMI" */;
			buildPhases = (
				03CD1CC2275F35A000FD44BC /* Sources */,
				03CD1CC3275F35A000FD44BC /* Frameworks */,
				03CD1CC4275F35A000FD44BC /* Resources */,
			);
			buildRules = (
			);
			dependencies = (
			);
			name = BMI;
			productName = BMI;
			productReference = 03CD1CC6275F35A000FD44BC /* BMI.app */;
			productType = "com.apple.product-type.application";
		};
/* End PBXNativeTarget section */

/* Begin PBXProject section */
		03CD1CBE275F35A000FD44BC /* Project object */ = {
			isa = PBXProject;
			attributes = {
				BuildIndependentTargetsInParallel = 1;
				LastSwiftUpdateCheck = 1300;
				LastUpgradeCheck = 1300;
				TargetAttributes = {
					03CD1CC5275F35A000FD44BC = {
						CreatedOnToolsVersion = 13.0;
					};
				};
			};
			buildConfigurationList = 03CD1CC1275F35A000FD44BC /* Build configuration list for PBXProject "BMI" */;
			compatibilityVersion = "Xcode 13.0";
			developmentRegion = en;
			hasScannedForEncodings = 0;
			knownRegions = (
				en,
				Base,
				ar,
				fr,
			);
			mainGroup = 03CD1CBD275F35A000FD44BC;
			productRefGroup = 03CD1CC7275F35A000FD44BC /* Products */;
			projectDirPath = "";
			projectRoot = "";
			targets = (
				03CD1CC5275F35A000FD44BC /* BMI */,
			);
		};
/* End PBXProject section */

/* Begin PBXResourcesBuildPhase section */
		03CD1CC4275F35A000FD44BC /* Resources */ = {
			isa = PBXResourcesBuildPhase;
			buildActionMask = 2147483647;
			files = (
				03CD1CD6275F35A100FD44BC /* LaunchScreen.storyboard in Resources */,
				03CD1CD3275F35A100FD44BC /* Assets.xcassets in Resources */,
				03CD1CD1275F35A000FD44BC /* Main.storyboard in Resources */,
				03CD1CE3275F3BA900FD44BC /* localizebl.strings in Resources */,
			);
			runOnlyForDeploymentPostprocessing = 0;
		};
/* End PBXResourcesBuildPhase section */

/* Begin PBXSourcesBuildPhase section */
		03CD1CC2275F35A000FD44BC /* Sources */ = {
			isa = PBXSourcesBuildPhase;
			buildActionMask = 2147483647;
			files = (
				0395E557276087CB005D0F06 /* BundleExtention.swift in Sources */,
				03CD1CCE275F35A000FD44BC /* ViewController.swift in Sources */,
				03CD1CCA275F35A000FD44BC /* AppDelegate.swift in Sources */,
				03CD1CCC275F35A000FD44BC /* SceneDelegate.swift in Sources */,
			);
			runOnlyForDeploymentPostprocessing = 0;
		};
/* End PBXSourcesBuildPhase section */

/* Begin PBXVariantGroup section */
		03CD1CCF275F35A000FD44BC /* Main.storyboard */ = {
			isa = PBXVariantGroup;
			children = (
				03CD1CD0275F35A000FD44BC /* Base */,
				03CD1CDD275F368000FD44BC /* ar */,
				03CD1CE0275F36CC00FD44BC /* en */,
				0395E5532760873E005D0F06 /* fr */,
			);
			name = Main.storyboard;
			sourceTree = "<group>";
		};
		03CD1CD4275F35A100FD44BC /* LaunchScreen.storyboard */ = {
			isa = PBXVariantGroup;
			children = (
				03CD1CD5275F35A100FD44BC /* Base */,
				03CD1CDE275F368000FD44BC /* ar */,
				0395E5542760873E005D0F06 /* fr */,
			);
			name = LaunchScreen.storyboard;
			sourceTree = "<group>";
		};
		03CD1CE5275F3BA900FD44BC /* localizebl.strings */ = {
			isa = PBXVariantGroup;
			children = (
				03CD1CE4275F3BA900FD44BC /* en */,
				03CD1CE6275F3BAA00FD44BC /* ar */,
				0395E5552760873F005D0F06 /* fr */,
			);
			name = localizebl.strings;
			sourceTree = "<group>";
		};
/* End PBXVariantGroup section */

/* Begin XCBuildConfiguration section */
		03CD1CD8275F35A100FD44BC /* Debug */ = {
			isa = XCBuildConfiguration;
			buildSettings = {
				ALWAYS_SEARCH_USER_PATHS = NO;
				CLANG_ANALYZER_LOCALIZABILITY_NONLOCALIZED = YES;
				CLANG_ANALYZER_NONNULL = YES;
				CLANG_ANALYZER_NUMBER_OBJECT_CONVERSION = YES_AGGRESSIVE;
				CLANG_CXX_LANGUAGE_STANDARD = "gnu++17";
				CLANG_CXX_LIBRARY = "libc++";
				CLANG_ENABLE_MODULES = YES;
				CLANG_ENABLE_OBJC_ARC = YES;
				CLANG_ENABLE_OBJC_WEAK = YES;
				CLANG_WARN_BLOCK_CAPTURE_AUTORELEASING = YES;
				CLANG_WARN_BOOL_CONVERSION = YES;
				CLANG_WARN_COMMA = YES;
				CLANG_WARN_CONSTANT_CONVERSION = YES;
				CLANG_WARN_DEPRECATED_OBJC_IMPLEMENTATIONS = YES;
				CLANG_WARN_DIRECT_OBJC_ISA_USAGE = YES_ERROR;
				CLANG_WARN_DOCUMENTATION_COMMENTS = YES;
				CLANG_WARN_EMPTY_BODY = YES;
				CLANG_WARN_ENUM_CONVERSION = YES;
				CLANG_WARN_INFINITE_RECURSION = YES;
				CLANG_WARN_INT_CONVERSION = YES;
				CLANG_WARN_NON_LITERAL_NULL_CONVERSION = YES;
				CLANG_WARN_OBJC_IMPLICIT_RETAIN_SELF = YES;
				CLANG_WARN_OBJC_LITERAL_CONVERSION = YES;
				CLANG_WARN_OBJC_ROOT_CLASS = YES_ERROR;
				CLANG_WARN_QUOTED_INCLUDE_IN_FRAMEWORK_HEADER = YES;
				CLANG_WARN_RANGE_LOOP_ANALYSIS = YES;
				CLANG_WARN_STRICT_PROTOTYPES = YES;
				CLANG_WARN_SUSPICIOUS_MOVE = YES;
				CLANG_WARN_UNGUARDED_AVAILABILITY = YES_AGGRESSIVE;
				CLANG_WARN_UNREACHABLE_CODE = YES;
				CLANG_WARN__DUPLICATE_METHOD_MATCH = YES;
				COPY_PHASE_STRIP = NO;
				DEBUG_INFORMATION_FORMAT = dwarf;
				ENABLE_STRICT_OBJC_MSGSEND = YES;
				ENABLE_TESTABILITY = YES;
				GCC_C_LANGUAGE_STANDARD = gnu11;
				GCC_DYNAMIC_NO_PIC = NO;
				GCC_NO_COMMON_BLOCKS = YES;
				GCC_OPTIMIZATION_LEVEL = 0;
				GCC_PREPROCESSOR_DEFINITIONS = (
					"DEBUG=1",
					"$(inherited)",
				);
				GCC_WARN_64_TO_32_BIT_CONVERSION = YES;
				GCC_WARN_ABOUT_RETURN_TYPE = YES_ERROR;
				GCC_WARN_UNDECLARED_SELECTOR = YES;
				GCC_WARN_UNINITIALIZED_AUTOS = YES_AGGRESSIVE;
				GCC_WARN_UNUSED_FUNCTION = YES;
				GCC_WARN_UNUSED_VARIABLE = YES;
				IPHONEOS_DEPLOYMENT_TARGET = 15.0;
				MTL_ENABLE_DEBUG_INFO = INCLUDE_SOURCE;
				MTL_FAST_MATH = YES;
				ONLY_ACTIVE_ARCH = YES;
				SDKROOT = iphoneos;
				SWIFT_ACTIVE_COMPILATION_CONDITIONS = DEBUG;
				SWIFT_OPTIMIZATION_LEVEL = "-Onone";
			};
			name = Debug;
		};
		03CD1CD9275F35A100FD44BC /* Release */ = {
			isa = XCBuildConfiguration;
			buildSettings = {
				ALWAYS_SEARCH_USER_PATHS = NO;
				CLANG_ANALYZER_LOCALIZABILITY_NONLOCALIZED = YES;
				CLANG_ANALYZER_NONNULL = YES;
				CLANG_ANALYZER_NUMBER_OBJECT_CONVERSION = YES_AGGRESSIVE;
				CLANG_CXX_LANGUAGE_STANDARD = "gnu++17";
				CLANG_CXX_LIBRARY = "libc++";
				CLANG_ENABLE_MODULES = YES;
				CLANG_ENABLE_OBJC_ARC = YES;
				CLANG_ENABLE_OBJC_WEAK = YES;
				CLANG_WARN_BLOCK_CAPTURE_AUTORELEASING = YES;
				CLANG_WARN_BOOL_CONVERSION = YES;
				CLANG_WARN_COMMA = YES;
				CLANG_WARN_CONSTANT_CONVERSION = YES;
				CLANG_WARN_DEPRECATED_OBJC_IMPLEMENTATIONS = YES;
				CLANG_WARN_DIRECT_OBJC_ISA_USAGE = YES_ERROR;
				CLANG_WARN_DOCUMENTATION_COMMENTS = YES;
				CLANG_WARN_EMPTY_BODY = YES;
				CLANG_WARN_ENUM_CONVERSION = YES;
				CLANG_WARN_INFINITE_RECURSION = YES;
				CLANG_WARN_INT_CONVERSION = YES;
				CLANG_WARN_NON_LITERAL_NULL_CONVERSION = YES;
				CLANG_WARN_OBJC_IMPLICIT_RETAIN_SELF = YES;
				CLANG_WARN_OBJC_LITERAL_CONVERSION = YES;
				CLANG_WARN_OBJC_ROOT_CLASS = YES_ERROR;
				CLANG_WARN_QUOTED_INCLUDE_IN_FRAMEWORK_HEADER = YES;
				CLANG_WARN_RANGE_LOOP_ANALYSIS = YES;
				CLANG_WARN_STRICT_PROTOTYPES = YES;
				CLANG_WARN_SUSPICIOUS_MOVE = YES;
				CLANG_WARN_UNGUARDED_AVAILABILITY = YES_AGGRESSIVE;
				CLANG_WARN_UNREACHABLE_CODE = YES;
				CLANG_WARN__DUPLICATE_METHOD_MATCH = YES;
				COPY_PHASE_STRIP = NO;
				DEBUG_INFORMATION_FORMAT = "dwarf-with-dsym";
				ENABLE_NS_ASSERTIONS = NO;
				ENABLE_STRICT_OBJC_MSGSEND = YES;
				GCC_C_LANGUAGE_STANDARD = gnu11;
				GCC_NO_COMMON_BLOCKS = YES;
				GCC_WARN_64_TO_32_BIT_CONVERSION = YES;
				GCC_WARN_ABOUT_RETURN_TYPE = YES_ERROR;
				GCC_WARN_UNDECLARED_SELECTOR = YES;
				GCC_WARN_UNINITIALIZED_AUTOS = YES_AGGRESSIVE;
				GCC_WARN_UNUSED_FUNCTION = YES;
				GCC_WARN_UNUSED_VARIABLE = YES;
				IPHONEOS_DEPLOYMENT_TARGET = 15.0;
				MTL_ENABLE_DEBUG_INFO = NO;
				MTL_FAST_MATH = YES;
				SDKROOT = iphoneos;
				SWIFT_COMPILATION_MODE = wholemodule;
				SWIFT_OPTIMIZATION_LEVEL = "-O";
				VALIDATE_PRODUCT = YES;
			};
			name = Release;
		};
		03CD1CDB275F35A100FD44BC /* Debug */ = {
			isa = XCBuildConfiguration;
			buildSettings = {
				ASSETCATALOG_COMPILER_APPICON_NAME = AppIcon;
				ASSETCATALOG_COMPILER_GLOBAL_ACCENT_COLOR_NAME = AccentColor;
				CODE_SIGN_STYLE = Automatic;
				CURRENT_PROJECT_VERSION = 1;
				GENERATE_INFOPLIST_FILE = YES;
				INFOPLIST_FILE = BMI/Info.plist;
				INFOPLIST_KEY_UIApplicationSupportsIndirectInputEvents = YES;
				INFOPLIST_KEY_UILaunchStoryboardName = LaunchScreen;
				INFOPLIST_KEY_UIMainStoryboardFile = Main;
				INFOPLIST_KEY_UISupportedInterfaceOrientations_iPad = "UIInterfaceOrientationPortrait UIInterfaceOrientationPortraitUpsideDown UIInterfaceOrientationLandscapeLeft UIInterfaceOrientationLandscapeRight";
				INFOPLIST_KEY_UISupportedInterfaceOrientations_iPhone = "UIInterfaceOrientationPortrait UIInterfaceOrientationLandscapeLeft UIInterfaceOrientationLandscapeRight";
				LD_RUNPATH_SEARCH_PATHS = (
					"$(inherited)",
					"@executable_path/Frameworks",
				);
				MARKETING_VERSION = 1.0;
				PRODUCT_BUNDLE_IDENTIFIER = com.tuwaiq.BMI;
				PRODUCT_NAME = "$(TARGET_NAME)";
				SWIFT_EMIT_LOC_STRINGS = YES;
				SWIFT_VERSION = 5.0;
				TARGETED_DEVICE_FAMILY = "1,2";
			};
			name = Debug;
		};
		03CD1CDC275F35A100FD44BC /* Release */ = {
			isa = XCBuildConfiguration;
			buildSettings = {
				ASSETCATALOG_COMPILER_APPICON_NAME = AppIcon;
				ASSETCATALOG_COMPILER_GLOBAL_ACCENT_COLOR_NAME = AccentColor;
				CODE_SIGN_STYLE = Automatic;
				CURRENT_PROJECT_VERSION = 1;
				GENERATE_INFOPLIST_FILE = YES;
				INFOPLIST_FILE = BMI/Info.plist;
				INFOPLIST_KEY_UIApplicationSupportsIndirectInputEvents = YES;
				INFOPLIST_KEY_UILaunchStoryboardName = LaunchScreen;
				INFOPLIST_KEY_UIMainStoryboardFile = Main;
				INFOPLIST_KEY_UISupportedInterfaceOrientations_iPad = "UIInterfaceOrientationPortrait UIInterfaceOrientationPortraitUpsideDown UIInterfaceOrientationLandscapeLeft UIInterfaceOrientationLandscapeRight";
				INFOPLIST_KEY_UISupportedInterfaceOrientations_iPhone = "UIInterfaceOrientationPortrait UIInterfaceOrientationLandscapeLeft UIInterfaceOrientationLandscapeRight";
				LD_RUNPATH_SEARCH_PATHS = (
					"$(inherited)",
					"@executable_path/Frameworks",
				);
				MARKETING_VERSION = 1.0;
				PRODUCT_BUNDLE_IDENTIFIER = com.tuwaiq.BMI;
				PRODUCT_NAME = "$(TARGET_NAME)";
				SWIFT_EMIT_LOC_STRINGS = YES;
				SWIFT_VERSION = 5.0;
				TARGETED_DEVICE_FAMILY = "1,2";
			};
			name = Release;
		};
/* End XCBuildConfiguration section */

/* Begin XCConfigurationList section */
		03CD1CC1275F35A000FD44BC /* Build configuration list for PBXProject "BMI" */ = {
			isa = XCConfigurationList;
			buildConfigurations = (
				03CD1CD8275F35A100FD44BC /* Debug */,
				03CD1CD9275F35A100FD44BC /* Release */,
			);
			defaultConfigurationIsVisible = 0;
			defaultConfigurationName = Release;
		};
		03CD1CDA275F35A100FD44BC /* Build configuration list for PBXNativeTarget "BMI" */ = {
			isa = XCConfigurationList;
			buildConfigurations = (
				03CD1CDB275F35A100FD44BC /* Debug */,
				03CD1CDC275F35A100FD44BC /* Release */,
			);
			defaultConfigurationIsVisible = 0;
			defaultConfigurationName = Release;
		};
/* End XCConfigurationList section */
	};
	rootObject = 03CD1CBE275F35A000FD44BC /* Project object */;
}
